// !$*UTF8*$!
{
	archiveVersion = 1;
	classes = {
	};
	objectVersion = 55;
	objects = {

/* Begin PBXBuildFile section */
		0000C94527D1CF97005A7D4A /* MacCommitGeneratorApp.swift in Sources */ = {isa = PBXBuildFile; fileRef = 0000C94427D1CF97005A7D4A /* MacCommitGeneratorApp.swift */; };
		0000C94727D1CF97005A7D4A /* ContentView.swift in Sources */ = {isa = PBXBuildFile; fileRef = 0000C94627D1CF97005A7D4A /* ContentView.swift */; };
		0000C94927D1CF98005A7D4A /* Assets.xcassets in Resources */ = {isa = PBXBuildFile; fileRef = 0000C94827D1CF98005A7D4A /* Assets.xcassets */; };
		0000C94C27D1CF98005A7D4A /* Preview Assets.xcassets in Resources */ = {isa = PBXBuildFile; fileRef = 0000C94B27D1CF98005A7D4A /* Preview Assets.xcassets */; };
		0000C95227D1CFC7005A7D4A /* Assets.xcassets in Resources */ = {isa = PBXBuildFile; fileRef = 938830F627C8828900D22C6A /* Assets.xcassets */; };
		0036434F27D58B59003AC248 /* AddTag.swift in Sources */ = {isa = PBXBuildFile; fileRef = 0036434E27D58B59003AC248 /* AddTag.swift */; };
		008C6FEC27D4AF4100278EE3 /* TagList.swift in Sources */ = {isa = PBXBuildFile; fileRef = 008C6FEB27D4AF4100278EE3 /* TagList.swift */; };
		008C6FEE27D4B06400278EE3 /* TagRow.swift in Sources */ = {isa = PBXBuildFile; fileRef = 008C6FED27D4B06400278EE3 /* TagRow.swift */; };
		008C6FF327D4D3B100278EE3 /* TagDetail.swift in Sources */ = {isa = PBXBuildFile; fileRef = 008C6FF227D4D3B100278EE3 /* TagDetail.swift */; };
		008C6FF527D4D5A100278EE3 /* Color.swift in Sources */ = {isa = PBXBuildFile; fileRef = 008C6FF427D4D5A100278EE3 /* Color.swift */; };
		008C6FF727D4D6A600278EE3 /* Color.swift in Sources */ = {isa = PBXBuildFile; fileRef = 008C6FF427D4D5A100278EE3 /* Color.swift */; };
		00FABE0527D1D8C2004E4800 /* Database.xcdatamodeld in Sources */ = {isa = PBXBuildFile; fileRef = 9321899D27C9BB5E007472FD /* Database.xcdatamodeld */; };
		00FABE0627D1D8C4004E4800 /* PersistenceController.swift in Sources */ = {isa = PBXBuildFile; fileRef = 93E8105527C9B639008B423A /* PersistenceController.swift */; };
		00FABE0727D1D8C8004E4800 /* MockedData.swift in Sources */ = {isa = PBXBuildFile; fileRef = 932189A027C9DB36007472FD /* MockedData.swift */; };
		00FABE0827D1DB22004E4800 /* Lodable.swift in Sources */ = {isa = PBXBuildFile; fileRef = 93D381F427CD13C40047043A /* Lodable.swift */; };
		00FABE0927D1DB26004E4800 /* MockedModel.swift in Sources */ = {isa = PBXBuildFile; fileRef = 93845B9D27CA25C100951A57 /* MockedModel.swift */; };
		00FABE0A27D1DB5C004E4800 /* User.swift in Sources */ = {isa = PBXBuildFile; fileRef = 93639BB227CDB14200D52C5C /* User.swift */; };
		00FABE0B27D1DB5E004E4800 /* IssueType.swift in Sources */ = {isa = PBXBuildFile; fileRef = 9351EF9227CC612F00AF6F25 /* IssueType.swift */; };
		00FABE0C27D1DB60004E4800 /* Issue.swift in Sources */ = {isa = PBXBuildFile; fileRef = 9351EF9527CC61D300AF6F25 /* Issue.swift */; };
		00FABE0D27D1DB65004E4800 /* KeyChainManager.swift in Sources */ = {isa = PBXBuildFile; fileRef = 93D381F027CD0A670047043A /* KeyChainManager.swift */; };
		00FABE0E27D1DB68004E4800 /* CopyType.swift in Sources */ = {isa = PBXBuildFile; fileRef = 9351EF9D27CC6E2800AF6F25 /* CopyType.swift */; };
		00FABE0F27D1DB6A004E4800 /* CommitWriter.swift in Sources */ = {isa = PBXBuildFile; fileRef = 9351EF9F27CC6E8E00AF6F25 /* CommitWriter.swift */; };
		00FABE1027D1DEC5004E4800 /* TokenManager.swift in Sources */ = {isa = PBXBuildFile; fileRef = 93D381EA27CCD5BD0047043A /* TokenManager.swift */; };
		00FABE1127D1DEC7004E4800 /* GithubService.swift in Sources */ = {isa = PBXBuildFile; fileRef = 93D381F227CD11690047043A /* GithubService.swift */; };
		00FABE1227D1DEC9004E4800 /* NetworkError.swift in Sources */ = {isa = PBXBuildFile; fileRef = 93D381F827CD154D0047043A /* NetworkError.swift */; };
		00FABE1327D1DED6004E4800 /* Const.swift in Sources */ = {isa = PBXBuildFile; fileRef = 93D381E427CCBCD30047043A /* Const.swift */; };
		00FABE1527D22690004E4800 /* Sidebar.swift in Sources */ = {isa = PBXBuildFile; fileRef = 00FABE1427D22690004E4800 /* Sidebar.swift */; };
		2C44CC71362A30B5707C9F35 /* Pods_CommitGenerator_CommitGeneratorUITests.framework in Frameworks */ = {isa = PBXBuildFile; fileRef = B3DBA5D12C4C687D7F60B967 /* Pods_CommitGenerator_CommitGeneratorUITests.framework */; };
		3C362538DB9A15AD67897C2C /* Pods_CommitGenerator.framework in Frameworks */ = {isa = PBXBuildFile; fileRef = 7E2AD0004546EB21BBB152DC /* Pods_CommitGenerator.framework */; };
		9202A177A19A853EF9C4D308 /* Pods_CommitGenerator_IssueWidgetExtension.framework in Frameworks */ = {isa = PBXBuildFile; fileRef = BD4CA7A9F768AA0C9EC27470 /* Pods_CommitGenerator_IssueWidgetExtension.framework */; };
		9321899F27C9BB5E007472FD /* Database.xcdatamodeld in Sources */ = {isa = PBXBuildFile; fileRef = 9321899D27C9BB5E007472FD /* Database.xcdatamodeld */; };
		932189A127C9DB36007472FD /* MockedData.swift in Sources */ = {isa = PBXBuildFile; fileRef = 932189A027C9DB36007472FD /* MockedData.swift */; };
		932189A327C9DE20007472FD /* TextField.swift in Sources */ = {isa = PBXBuildFile; fileRef = 932189A227C9DE20007472FD /* TextField.swift */; };
		932D888827C8DC080072B896 /* TagSelector.swift in Sources */ = {isa = PBXBuildFile; fileRef = 932D888727C8DC080072B896 /* TagSelector.swift */; };
		932D888B27C8DECA0072B896 /* TagList.swift in Sources */ = {isa = PBXBuildFile; fileRef = 932D888A27C8DECA0072B896 /* TagList.swift */; };
		932D888D27C8E0F80072B896 /* TagRow.swift in Sources */ = {isa = PBXBuildFile; fileRef = 932D888C27C8E0F80072B896 /* TagRow.swift */; };
		934258B627D0D88400BC1FFF /* GithubService.swift in Sources */ = {isa = PBXBuildFile; fileRef = 93D381F227CD11690047043A /* GithubService.swift */; };
		9351EF9127CC5E4000AF6F25 /* CommitViewModel.swift in Sources */ = {isa = PBXBuildFile; fileRef = 9351EF9027CC5E4000AF6F25 /* CommitViewModel.swift */; };
		9351EF9327CC612F00AF6F25 /* IssueType.swift in Sources */ = {isa = PBXBuildFile; fileRef = 9351EF9227CC612F00AF6F25 /* IssueType.swift */; };
		9351EF9627CC61D300AF6F25 /* Issue.swift in Sources */ = {isa = PBXBuildFile; fileRef = 9351EF9527CC61D300AF6F25 /* Issue.swift */; };
		9351EF9927CC693F00AF6F25 /* IssuePicker.swift in Sources */ = {isa = PBXBuildFile; fileRef = 9351EF9827CC693F00AF6F25 /* IssuePicker.swift */; };
		9351EF9E27CC6E2800AF6F25 /* CopyType.swift in Sources */ = {isa = PBXBuildFile; fileRef = 9351EF9D27CC6E2800AF6F25 /* CopyType.swift */; };
		9351EFA027CC6E8E00AF6F25 /* CommitWriter.swift in Sources */ = {isa = PBXBuildFile; fileRef = 9351EF9F27CC6E8E00AF6F25 /* CommitWriter.swift */; };
		9356FAF527CF0074004A59C2 /* SettingHost.swift in Sources */ = {isa = PBXBuildFile; fileRef = 9356FAF427CF0074004A59C2 /* SettingHost.swift */; };
		9356FAF727CF007F004A59C2 /* ProfileView.swift in Sources */ = {isa = PBXBuildFile; fileRef = 9356FAF627CF007F004A59C2 /* ProfileView.swift */; };
		9356FAF927CF055B004A59C2 /* SettingRow.swift in Sources */ = {isa = PBXBuildFile; fileRef = 9356FAF827CF055B004A59C2 /* SettingRow.swift */; };
		9356FAFF27CF207C004A59C2 /* EditTagList.swift in Sources */ = {isa = PBXBuildFile; fileRef = 9356FAFE27CF207C004A59C2 /* EditTagList.swift */; };
		9356FB0127CF249B004A59C2 /* EditTagRow.swift in Sources */ = {isa = PBXBuildFile; fileRef = 9356FB0027CF249B004A59C2 /* EditTagRow.swift */; };
		9361E8EB27C8943B007B8740 /* Button.swift in Sources */ = {isa = PBXBuildFile; fileRef = 9361E8EA27C8943B007B8740 /* Button.swift */; };
		93639BB027CDB06000D52C5C /* Authentication.swift in Sources */ = {isa = PBXBuildFile; fileRef = 93639BAF27CDB06000D52C5C /* Authentication.swift */; };
		93639BB327CDB14200D52C5C /* User.swift in Sources */ = {isa = PBXBuildFile; fileRef = 93639BB227CDB14200D52C5C /* User.swift */; };
		93639BB627CDBB1700D52C5C /* BottomSheetManager.swift in Sources */ = {isa = PBXBuildFile; fileRef = 93639BB527CDBB1700D52C5C /* BottomSheetManager.swift */; };
		93639BB827CDC84B00D52C5C /* BottomSheetContainer.swift in Sources */ = {isa = PBXBuildFile; fileRef = 93639BB727CDC84B00D52C5C /* BottomSheetContainer.swift */; };
		9372F66927CDDF290077A3E0 /* Image.swift in Sources */ = {isa = PBXBuildFile; fileRef = 9372F66827CDDF290077A3E0 /* Image.swift */; };
		9374202B27D0E5E600999DEC /* IssueRow.swift in Sources */ = {isa = PBXBuildFile; fileRef = 9374202A27D0E5E600999DEC /* IssueRow.swift */; };
		93845B9927C9FF3A00951A57 /* TextEditor.swift in Sources */ = {isa = PBXBuildFile; fileRef = 93845B9827C9FF3A00951A57 /* TextEditor.swift */; };
		93845B9B27CA002F00951A57 /* EditorType.swift in Sources */ = {isa = PBXBuildFile; fileRef = 93845B9A27CA002F00951A57 /* EditorType.swift */; };
		93845B9E27CA25C100951A57 /* MockedModel.swift in Sources */ = {isa = PBXBuildFile; fileRef = 93845B9D27CA25C100951A57 /* MockedModel.swift */; };
		938830F327C8828800D22C6A /* CommitGeneratorApp.swift in Sources */ = {isa = PBXBuildFile; fileRef = 938830F227C8828800D22C6A /* CommitGeneratorApp.swift */; };
		938830F527C8828800D22C6A /* CommitWriteHost.swift in Sources */ = {isa = PBXBuildFile; fileRef = 938830F427C8828800D22C6A /* CommitWriteHost.swift */; };
		938830F727C8828900D22C6A /* Assets.xcassets in Resources */ = {isa = PBXBuildFile; fileRef = 938830F627C8828900D22C6A /* Assets.xcassets */; };
		938830FA27C8828900D22C6A /* Preview Assets.xcassets in Resources */ = {isa = PBXBuildFile; fileRef = 938830F927C8828900D22C6A /* Preview Assets.xcassets */; };
		9388310427C8828900D22C6A /* CommitGeneratorTests.swift in Sources */ = {isa = PBXBuildFile; fileRef = 9388310327C8828900D22C6A /* CommitGeneratorTests.swift */; };
		9388310E27C8828900D22C6A /* CommitGeneratorUITests.swift in Sources */ = {isa = PBXBuildFile; fileRef = 9388310D27C8828900D22C6A /* CommitGeneratorUITests.swift */; };
		9388311027C8828900D22C6A /* CommitGeneratorUITestsLaunchTests.swift in Sources */ = {isa = PBXBuildFile; fileRef = 9388310F27C8828900D22C6A /* CommitGeneratorUITestsLaunchTests.swift */; };
		939A5FDF27CDE2630055E17B /* Text.swift in Sources */ = {isa = PBXBuildFile; fileRef = 939A5FDE27CDE2630055E17B /* Text.swift */; };
		939A5FE227CDF09C0055E17B /* IssueList.swift in Sources */ = {isa = PBXBuildFile; fileRef = 939A5FE127CDF09C0055E17B /* IssueList.swift */; };
		93B3063227D0606700C6EC3D /* .swiftlint.yml in Resources */ = {isa = PBXBuildFile; fileRef = 93B3063127D0606700C6EC3D /* .swiftlint.yml */; };
		93B7ADDD27CA3D1800A1EF24 /* ViewExtension.swift in Sources */ = {isa = PBXBuildFile; fileRef = 93B7ADDC27CA3D1800A1EF24 /* ViewExtension.swift */; };
		93B7ADE027CA46E800A1EF24 /* SelectedIssueItem.swift in Sources */ = {isa = PBXBuildFile; fileRef = 93B7ADDF27CA46E800A1EF24 /* SelectedIssueItem.swift */; };
		93B7ADE227CA482C00A1EF24 /* SelectedIssueList.swift in Sources */ = {isa = PBXBuildFile; fileRef = 93B7ADE127CA482C00A1EF24 /* SelectedIssueList.swift */; };
		93B7ADE427CA4FC600A1EF24 /* RootTabView.swift in Sources */ = {isa = PBXBuildFile; fileRef = 93B7ADE327CA4FC600A1EF24 /* RootTabView.swift */; };
		93CB945727D0CC0700140A0F /* WidgetKit.framework in Frameworks */ = {isa = PBXBuildFile; fileRef = 93CB943E27D0CAE200140A0F /* WidgetKit.framework */; };
		93CB945827D0CC0700140A0F /* SwiftUI.framework in Frameworks */ = {isa = PBXBuildFile; fileRef = 93CB944027D0CAE200140A0F /* SwiftUI.framework */; };
		93CB945B27D0CC0700140A0F /* IssueWidget.swift in Sources */ = {isa = PBXBuildFile; fileRef = 93CB945A27D0CC0700140A0F /* IssueWidget.swift */; };
		93CB945D27D0CC0800140A0F /* Assets.xcassets in Resources */ = {isa = PBXBuildFile; fileRef = 93CB945C27D0CC0800140A0F /* Assets.xcassets */; };
		93CB946127D0CC0800140A0F /* IssueWidgetExtension.appex in Embed App Extensions */ = {isa = PBXBuildFile; fileRef = 93CB945627D0CC0700140A0F /* IssueWidgetExtension.appex */; settings = {ATTRIBUTES = (RemoveHeadersOnCopy, ); }; };
		93CB946627D0CFC000140A0F /* WidgetView.swift in Sources */ = {isa = PBXBuildFile; fileRef = 93CB946527D0CFC000140A0F /* WidgetView.swift */; };
		93CB946727D0D0BD00140A0F /* Issue.swift in Sources */ = {isa = PBXBuildFile; fileRef = 9351EF9527CC61D300AF6F25 /* Issue.swift */; };
		93CB946827D0D0CF00140A0F /* Lodable.swift in Sources */ = {isa = PBXBuildFile; fileRef = 93D381F427CD13C40047043A /* Lodable.swift */; };
		93CB946927D0D12500140A0F /* User.swift in Sources */ = {isa = PBXBuildFile; fileRef = 93639BB227CDB14200D52C5C /* User.swift */; };
		93CB946D27D0D61B00140A0F /* KeyChainManager.swift in Sources */ = {isa = PBXBuildFile; fileRef = 93D381F027CD0A670047043A /* KeyChainManager.swift */; };
		93CB947027D0D69100140A0F /* Const.swift in Sources */ = {isa = PBXBuildFile; fileRef = 93D381E427CCBCD30047043A /* Const.swift */; };
		93CB947127D0D69B00140A0F /* NetworkError.swift in Sources */ = {isa = PBXBuildFile; fileRef = 93D381F827CD154D0047043A /* NetworkError.swift */; };
		93D381E527CCBCD30047043A /* Const.swift in Sources */ = {isa = PBXBuildFile; fileRef = 93D381E427CCBCD30047043A /* Const.swift */; };
		93D381E827CCBD7F0047043A /* GithubLoginView.swift in Sources */ = {isa = PBXBuildFile; fileRef = 93D381E727CCBD7F0047043A /* GithubLoginView.swift */; };
		93D381EB27CCD5BD0047043A /* TokenManager.swift in Sources */ = {isa = PBXBuildFile; fileRef = 93D381EA27CCD5BD0047043A /* TokenManager.swift */; };
		93D381EE27CCD8330047043A /* DeepLinkHandler.swift in Sources */ = {isa = PBXBuildFile; fileRef = 93D381ED27CCD8330047043A /* DeepLinkHandler.swift */; };
		93D381F127CD0A670047043A /* KeyChainManager.swift in Sources */ = {isa = PBXBuildFile; fileRef = 93D381F027CD0A670047043A /* KeyChainManager.swift */; };
		93D381F327CD11690047043A /* GithubService.swift in Sources */ = {isa = PBXBuildFile; fileRef = 93D381F227CD11690047043A /* GithubService.swift */; };
		93D381F527CD13C40047043A /* Lodable.swift in Sources */ = {isa = PBXBuildFile; fileRef = 93D381F427CD13C40047043A /* Lodable.swift */; };
		93D381F927CD154D0047043A /* NetworkError.swift in Sources */ = {isa = PBXBuildFile; fileRef = 93D381F827CD154D0047043A /* NetworkError.swift */; };
		93E8105627C9B639008B423A /* PersistenceController.swift in Sources */ = {isa = PBXBuildFile; fileRef = 93E8105527C9B639008B423A /* PersistenceController.swift */; };
		93EB6AB527CF465000B69672 /* EditTagView.swift in Sources */ = {isa = PBXBuildFile; fileRef = 93EB6AB427CF465000B69672 /* EditTagView.swift */; };
		D769A4AC8E256061ECC96F5A /* Pods_CommitGeneratorTests.framework in Frameworks */ = {isa = PBXBuildFile; fileRef = 85106CB3D348BCA8E98BE295 /* Pods_CommitGeneratorTests.framework */; };
		F7E8FF74835D582FDF56968A /* libPods-MacCommitGenerator.a in Frameworks */ = {isa = PBXBuildFile; fileRef = F2740CCD6BDBB6EABCEEE0E8 /* libPods-MacCommitGenerator.a */; };
/* End PBXBuildFile section */

/* Begin PBXContainerItemProxy section */
		9388310027C8828900D22C6A /* PBXContainerItemProxy */ = {
			isa = PBXContainerItemProxy;
			containerPortal = 938830E727C8828800D22C6A /* Project object */;
			proxyType = 1;
			remoteGlobalIDString = 938830EE27C8828800D22C6A;
			remoteInfo = CommitGenerator;
		};
		9388310A27C8828900D22C6A /* PBXContainerItemProxy */ = {
			isa = PBXContainerItemProxy;
			containerPortal = 938830E727C8828800D22C6A /* Project object */;
			proxyType = 1;
			remoteGlobalIDString = 938830EE27C8828800D22C6A;
			remoteInfo = CommitGenerator;
		};
		93CB945F27D0CC0800140A0F /* PBXContainerItemProxy */ = {
			isa = PBXContainerItemProxy;
			containerPortal = 938830E727C8828800D22C6A /* Project object */;
			proxyType = 1;
			remoteGlobalIDString = 93CB945527D0CC0700140A0F;
			remoteInfo = IssueWidgetExtension;
		};
/* End PBXContainerItemProxy section */

/* Begin PBXCopyFilesBuildPhase section */
		93CB944D27D0CAE300140A0F /* Embed App Extensions */ = {
			isa = PBXCopyFilesBuildPhase;
			buildActionMask = 2147483647;
			dstPath = "";
			dstSubfolderSpec = 13;
			files = (
				93CB946127D0CC0800140A0F /* IssueWidgetExtension.appex in Embed App Extensions */,
			);
			name = "Embed App Extensions";
			runOnlyForDeploymentPostprocessing = 0;
		};
/* End PBXCopyFilesBuildPhase section */

/* Begin PBXFileReference section */
		0000C94227D1CF97005A7D4A /* MacCommitGenerator.app */ = {isa = PBXFileReference; explicitFileType = wrapper.application; includeInIndex = 0; path = MacCommitGenerator.app; sourceTree = BUILT_PRODUCTS_DIR; };
		0000C94427D1CF97005A7D4A /* MacCommitGeneratorApp.swift */ = {isa = PBXFileReference; lastKnownFileType = sourcecode.swift; path = MacCommitGeneratorApp.swift; sourceTree = "<group>"; };
		0000C94627D1CF97005A7D4A /* ContentView.swift */ = {isa = PBXFileReference; lastKnownFileType = sourcecode.swift; path = ContentView.swift; sourceTree = "<group>"; };
		0000C94827D1CF98005A7D4A /* Assets.xcassets */ = {isa = PBXFileReference; lastKnownFileType = folder.assetcatalog; path = Assets.xcassets; sourceTree = "<group>"; };
		0000C94B27D1CF98005A7D4A /* Preview Assets.xcassets */ = {isa = PBXFileReference; lastKnownFileType = folder.assetcatalog; path = "Preview Assets.xcassets"; sourceTree = "<group>"; };
		0000C94D27D1CF98005A7D4A /* MacCommitGenerator.entitlements */ = {isa = PBXFileReference; lastKnownFileType = text.plist.entitlements; path = MacCommitGenerator.entitlements; sourceTree = "<group>"; };
		0036434D27D58ACE003AC248 /* Info.plist */ = {isa = PBXFileReference; lastKnownFileType = text.plist; path = Info.plist; sourceTree = "<group>"; };
		0036434E27D58B59003AC248 /* AddTag.swift */ = {isa = PBXFileReference; lastKnownFileType = sourcecode.swift; path = AddTag.swift; sourceTree = "<group>"; };
		008C6FEB27D4AF4100278EE3 /* TagList.swift */ = {isa = PBXFileReference; lastKnownFileType = sourcecode.swift; path = TagList.swift; sourceTree = "<group>"; };
		008C6FED27D4B06400278EE3 /* TagRow.swift */ = {isa = PBXFileReference; lastKnownFileType = sourcecode.swift; path = TagRow.swift; sourceTree = "<group>"; };
		008C6FF227D4D3B100278EE3 /* TagDetail.swift */ = {isa = PBXFileReference; lastKnownFileType = sourcecode.swift; path = TagDetail.swift; sourceTree = "<group>"; };
		008C6FF427D4D5A100278EE3 /* Color.swift */ = {isa = PBXFileReference; fileEncoding = 4; lastKnownFileType = sourcecode.swift; path = Color.swift; sourceTree = "<group>"; };
		00FABE1427D22690004E4800 /* Sidebar.swift */ = {isa = PBXFileReference; lastKnownFileType = sourcecode.swift; path = Sidebar.swift; sourceTree = "<group>"; };
		1E23843B65AB6D79BC111871 /* Pods-MacCommitGenerator.debug.xcconfig */ = {isa = PBXFileReference; includeInIndex = 1; lastKnownFileType = text.xcconfig; name = "Pods-MacCommitGenerator.debug.xcconfig"; path = "Target Support Files/Pods-MacCommitGenerator/Pods-MacCommitGenerator.debug.xcconfig"; sourceTree = "<group>"; };
		306D3BCA50BB242AA1F95FE0 /* Pods-CommitGenerator-MacCommitGenerator.debug.xcconfig */ = {isa = PBXFileReference; includeInIndex = 1; lastKnownFileType = text.xcconfig; name = "Pods-CommitGenerator-MacCommitGenerator.debug.xcconfig"; path = "Target Support Files/Pods-CommitGenerator-MacCommitGenerator/Pods-CommitGenerator-MacCommitGenerator.debug.xcconfig"; sourceTree = "<group>"; };
		319F74841EC1D012A3D62C49 /* Pods-CommitGeneratorTests.release.xcconfig */ = {isa = PBXFileReference; includeInIndex = 1; lastKnownFileType = text.xcconfig; name = "Pods-CommitGeneratorTests.release.xcconfig"; path = "Target Support Files/Pods-CommitGeneratorTests/Pods-CommitGeneratorTests.release.xcconfig"; sourceTree = "<group>"; };
		31FF32EBE795BE673DC8E315 /* Pods-CommitGenerator-IssueWidgetExtension.release.xcconfig */ = {isa = PBXFileReference; includeInIndex = 1; lastKnownFileType = text.xcconfig; name = "Pods-CommitGenerator-IssueWidgetExtension.release.xcconfig"; path = "Target Support Files/Pods-CommitGenerator-IssueWidgetExtension/Pods-CommitGenerator-IssueWidgetExtension.release.xcconfig"; sourceTree = "<group>"; };
		5C003D0B0C9D8A8E6A1A1A8F /* Pods-CommitGeneratorTests.debug.xcconfig */ = {isa = PBXFileReference; includeInIndex = 1; lastKnownFileType = text.xcconfig; name = "Pods-CommitGeneratorTests.debug.xcconfig"; path = "Target Support Files/Pods-CommitGeneratorTests/Pods-CommitGeneratorTests.debug.xcconfig"; sourceTree = "<group>"; };
		601E2A26098ABCFF496F5E89 /* Pods-CommitGenerator.release.xcconfig */ = {isa = PBXFileReference; includeInIndex = 1; lastKnownFileType = text.xcconfig; name = "Pods-CommitGenerator.release.xcconfig"; path = "Target Support Files/Pods-CommitGenerator/Pods-CommitGenerator.release.xcconfig"; sourceTree = "<group>"; };
		68CFAFEAFB569F0E6EF18EED /* Pods-CommitGenerator-IssueWidgetExtension.debug.xcconfig */ = {isa = PBXFileReference; includeInIndex = 1; lastKnownFileType = text.xcconfig; name = "Pods-CommitGenerator-IssueWidgetExtension.debug.xcconfig"; path = "Target Support Files/Pods-CommitGenerator-IssueWidgetExtension/Pods-CommitGenerator-IssueWidgetExtension.debug.xcconfig"; sourceTree = "<group>"; };
		7E2AD0004546EB21BBB152DC /* Pods_CommitGenerator.framework */ = {isa = PBXFileReference; explicitFileType = wrapper.framework; includeInIndex = 0; path = Pods_CommitGenerator.framework; sourceTree = BUILT_PRODUCTS_DIR; };
		85106CB3D348BCA8E98BE295 /* Pods_CommitGeneratorTests.framework */ = {isa = PBXFileReference; explicitFileType = wrapper.framework; includeInIndex = 0; path = Pods_CommitGeneratorTests.framework; sourceTree = BUILT_PRODUCTS_DIR; };
		862C343D21BACCC78A08C529 /* Pods-CommitGenerator-CommitGeneratorUITests.release.xcconfig */ = {isa = PBXFileReference; includeInIndex = 1; lastKnownFileType = text.xcconfig; name = "Pods-CommitGenerator-CommitGeneratorUITests.release.xcconfig"; path = "Target Support Files/Pods-CommitGenerator-CommitGeneratorUITests/Pods-CommitGenerator-CommitGeneratorUITests.release.xcconfig"; sourceTree = "<group>"; };
		866BD78B89B40C34DEB60045 /* Pods-MacCommitGenerator.release.xcconfig */ = {isa = PBXFileReference; includeInIndex = 1; lastKnownFileType = text.xcconfig; name = "Pods-MacCommitGenerator.release.xcconfig"; path = "Target Support Files/Pods-MacCommitGenerator/Pods-MacCommitGenerator.release.xcconfig"; sourceTree = "<group>"; };
		87F6894A4F398B6C3CFFFCF0 /* Pods-CommitGenerator-MacCommitGenerator.release.xcconfig */ = {isa = PBXFileReference; includeInIndex = 1; lastKnownFileType = text.xcconfig; name = "Pods-CommitGenerator-MacCommitGenerator.release.xcconfig"; path = "Target Support Files/Pods-CommitGenerator-MacCommitGenerator/Pods-CommitGenerator-MacCommitGenerator.release.xcconfig"; sourceTree = "<group>"; };
		88F3E203F560DBF144931957 /* Pods-CommitGenerator.debug.xcconfig */ = {isa = PBXFileReference; includeInIndex = 1; lastKnownFileType = text.xcconfig; name = "Pods-CommitGenerator.debug.xcconfig"; path = "Target Support Files/Pods-CommitGenerator/Pods-CommitGenerator.debug.xcconfig"; sourceTree = "<group>"; };
		9321899E27C9BB5E007472FD /* Database.xcdatamodel */ = {isa = PBXFileReference; lastKnownFileType = wrapper.xcdatamodel; path = Database.xcdatamodel; sourceTree = "<group>"; };
		932189A027C9DB36007472FD /* MockedData.swift */ = {isa = PBXFileReference; lastKnownFileType = sourcecode.swift; path = MockedData.swift; sourceTree = "<group>"; };
		932189A227C9DE20007472FD /* TextField.swift */ = {isa = PBXFileReference; lastKnownFileType = sourcecode.swift; path = TextField.swift; sourceTree = "<group>"; };
		932D888727C8DC080072B896 /* TagSelector.swift */ = {isa = PBXFileReference; lastKnownFileType = sourcecode.swift; path = TagSelector.swift; sourceTree = "<group>"; };
		932D888A27C8DECA0072B896 /* TagList.swift */ = {isa = PBXFileReference; lastKnownFileType = sourcecode.swift; path = TagList.swift; sourceTree = "<group>"; };
		932D888C27C8E0F80072B896 /* TagRow.swift */ = {isa = PBXFileReference; lastKnownFileType = sourcecode.swift; path = TagRow.swift; sourceTree = "<group>"; };
		9351EF9027CC5E4000AF6F25 /* CommitViewModel.swift */ = {isa = PBXFileReference; lastKnownFileType = sourcecode.swift; path = CommitViewModel.swift; sourceTree = "<group>"; };
		9351EF9227CC612F00AF6F25 /* IssueType.swift */ = {isa = PBXFileReference; lastKnownFileType = sourcecode.swift; path = IssueType.swift; sourceTree = "<group>"; };
		9351EF9527CC61D300AF6F25 /* Issue.swift */ = {isa = PBXFileReference; lastKnownFileType = sourcecode.swift; path = Issue.swift; sourceTree = "<group>"; };
		9351EF9827CC693F00AF6F25 /* IssuePicker.swift */ = {isa = PBXFileReference; lastKnownFileType = sourcecode.swift; path = IssuePicker.swift; sourceTree = "<group>"; };
		9351EF9D27CC6E2800AF6F25 /* CopyType.swift */ = {isa = PBXFileReference; lastKnownFileType = sourcecode.swift; path = CopyType.swift; sourceTree = "<group>"; };
		9351EF9F27CC6E8E00AF6F25 /* CommitWriter.swift */ = {isa = PBXFileReference; lastKnownFileType = sourcecode.swift; path = CommitWriter.swift; sourceTree = "<group>"; };
		9356FAF427CF0074004A59C2 /* SettingHost.swift */ = {isa = PBXFileReference; lastKnownFileType = sourcecode.swift; path = SettingHost.swift; sourceTree = "<group>"; };
		9356FAF627CF007F004A59C2 /* ProfileView.swift */ = {isa = PBXFileReference; lastKnownFileType = sourcecode.swift; path = ProfileView.swift; sourceTree = "<group>"; };
		9356FAF827CF055B004A59C2 /* SettingRow.swift */ = {isa = PBXFileReference; lastKnownFileType = sourcecode.swift; path = SettingRow.swift; sourceTree = "<group>"; };
		9356FAFE27CF207C004A59C2 /* EditTagList.swift */ = {isa = PBXFileReference; lastKnownFileType = sourcecode.swift; path = EditTagList.swift; sourceTree = "<group>"; };
		9356FB0027CF249B004A59C2 /* EditTagRow.swift */ = {isa = PBXFileReference; lastKnownFileType = sourcecode.swift; path = EditTagRow.swift; sourceTree = "<group>"; };
		9361E8EA27C8943B007B8740 /* Button.swift */ = {isa = PBXFileReference; lastKnownFileType = sourcecode.swift; path = Button.swift; sourceTree = "<group>"; };
		93639BAF27CDB06000D52C5C /* Authentication.swift */ = {isa = PBXFileReference; lastKnownFileType = sourcecode.swift; path = Authentication.swift; sourceTree = "<group>"; };
		93639BB227CDB14200D52C5C /* User.swift */ = {isa = PBXFileReference; lastKnownFileType = sourcecode.swift; path = User.swift; sourceTree = "<group>"; };
		93639BB527CDBB1700D52C5C /* BottomSheetManager.swift */ = {isa = PBXFileReference; lastKnownFileType = sourcecode.swift; path = BottomSheetManager.swift; sourceTree = "<group>"; };
		93639BB727CDC84B00D52C5C /* BottomSheetContainer.swift */ = {isa = PBXFileReference; lastKnownFileType = sourcecode.swift; path = BottomSheetContainer.swift; sourceTree = "<group>"; };
		9372F66827CDDF290077A3E0 /* Image.swift */ = {isa = PBXFileReference; lastKnownFileType = sourcecode.swift; path = Image.swift; sourceTree = "<group>"; };
		9374202A27D0E5E600999DEC /* IssueRow.swift */ = {isa = PBXFileReference; lastKnownFileType = sourcecode.swift; path = IssueRow.swift; sourceTree = "<group>"; };
		93845B9827C9FF3A00951A57 /* TextEditor.swift */ = {isa = PBXFileReference; lastKnownFileType = sourcecode.swift; path = TextEditor.swift; sourceTree = "<group>"; };
		93845B9A27CA002F00951A57 /* EditorType.swift */ = {isa = PBXFileReference; lastKnownFileType = sourcecode.swift; path = EditorType.swift; sourceTree = "<group>"; };
		93845B9D27CA25C100951A57 /* MockedModel.swift */ = {isa = PBXFileReference; lastKnownFileType = sourcecode.swift; path = MockedModel.swift; sourceTree = "<group>"; };
		938830EF27C8828800D22C6A /* CommitGenerator.app */ = {isa = PBXFileReference; explicitFileType = wrapper.application; includeInIndex = 0; path = CommitGenerator.app; sourceTree = BUILT_PRODUCTS_DIR; };
		938830F227C8828800D22C6A /* CommitGeneratorApp.swift */ = {isa = PBXFileReference; lastKnownFileType = sourcecode.swift; path = CommitGeneratorApp.swift; sourceTree = "<group>"; };
		938830F427C8828800D22C6A /* CommitWriteHost.swift */ = {isa = PBXFileReference; lastKnownFileType = sourcecode.swift; path = CommitWriteHost.swift; sourceTree = "<group>"; };
		938830F627C8828900D22C6A /* Assets.xcassets */ = {isa = PBXFileReference; lastKnownFileType = folder.assetcatalog; path = Assets.xcassets; sourceTree = "<group>"; };
		938830F927C8828900D22C6A /* Preview Assets.xcassets */ = {isa = PBXFileReference; lastKnownFileType = folder.assetcatalog; path = "Preview Assets.xcassets"; sourceTree = "<group>"; };
		938830FF27C8828900D22C6A /* CommitGeneratorTests.xctest */ = {isa = PBXFileReference; explicitFileType = wrapper.cfbundle; includeInIndex = 0; path = CommitGeneratorTests.xctest; sourceTree = BUILT_PRODUCTS_DIR; };
		9388310327C8828900D22C6A /* CommitGeneratorTests.swift */ = {isa = PBXFileReference; lastKnownFileType = sourcecode.swift; path = CommitGeneratorTests.swift; sourceTree = "<group>"; };
		9388310927C8828900D22C6A /* CommitGeneratorUITests.xctest */ = {isa = PBXFileReference; explicitFileType = wrapper.cfbundle; includeInIndex = 0; path = CommitGeneratorUITests.xctest; sourceTree = BUILT_PRODUCTS_DIR; };
		9388310D27C8828900D22C6A /* CommitGeneratorUITests.swift */ = {isa = PBXFileReference; lastKnownFileType = sourcecode.swift; path = CommitGeneratorUITests.swift; sourceTree = "<group>"; };
		9388310F27C8828900D22C6A /* CommitGeneratorUITestsLaunchTests.swift */ = {isa = PBXFileReference; lastKnownFileType = sourcecode.swift; path = CommitGeneratorUITestsLaunchTests.swift; sourceTree = "<group>"; };
		939A5FDE27CDE2630055E17B /* Text.swift */ = {isa = PBXFileReference; lastKnownFileType = sourcecode.swift; path = Text.swift; sourceTree = "<group>"; };
		939A5FE127CDF09C0055E17B /* IssueList.swift */ = {isa = PBXFileReference; lastKnownFileType = sourcecode.swift; path = IssueList.swift; sourceTree = "<group>"; };
		93B3063127D0606700C6EC3D /* .swiftlint.yml */ = {isa = PBXFileReference; lastKnownFileType = text.yaml; path = .swiftlint.yml; sourceTree = "<group>"; };
		93B7ADDC27CA3D1800A1EF24 /* ViewExtension.swift */ = {isa = PBXFileReference; lastKnownFileType = sourcecode.swift; path = ViewExtension.swift; sourceTree = "<group>"; };
		93B7ADDF27CA46E800A1EF24 /* SelectedIssueItem.swift */ = {isa = PBXFileReference; lastKnownFileType = sourcecode.swift; path = SelectedIssueItem.swift; sourceTree = "<group>"; };
		93B7ADE127CA482C00A1EF24 /* SelectedIssueList.swift */ = {isa = PBXFileReference; lastKnownFileType = sourcecode.swift; path = SelectedIssueList.swift; sourceTree = "<group>"; };
		93B7ADE327CA4FC600A1EF24 /* RootTabView.swift */ = {isa = PBXFileReference; lastKnownFileType = sourcecode.swift; path = RootTabView.swift; sourceTree = "<group>"; };
		93CB943E27D0CAE200140A0F /* WidgetKit.framework */ = {isa = PBXFileReference; lastKnownFileType = wrapper.framework; name = WidgetKit.framework; path = System/Library/Frameworks/WidgetKit.framework; sourceTree = SDKROOT; };
		93CB944027D0CAE200140A0F /* SwiftUI.framework */ = {isa = PBXFileReference; lastKnownFileType = wrapper.framework; name = SwiftUI.framework; path = System/Library/Frameworks/SwiftUI.framework; sourceTree = SDKROOT; };
		93CB945627D0CC0700140A0F /* IssueWidgetExtension.appex */ = {isa = PBXFileReference; explicitFileType = "wrapper.app-extension"; includeInIndex = 0; path = IssueWidgetExtension.appex; sourceTree = BUILT_PRODUCTS_DIR; };
		93CB945A27D0CC0700140A0F /* IssueWidget.swift */ = {isa = PBXFileReference; lastKnownFileType = sourcecode.swift; path = IssueWidget.swift; sourceTree = "<group>"; };
		93CB945C27D0CC0800140A0F /* Assets.xcassets */ = {isa = PBXFileReference; lastKnownFileType = folder.assetcatalog; path = Assets.xcassets; sourceTree = "<group>"; };
		93CB945E27D0CC0800140A0F /* Info.plist */ = {isa = PBXFileReference; lastKnownFileType = text.plist.xml; path = Info.plist; sourceTree = "<group>"; };
		93CB946527D0CFC000140A0F /* WidgetView.swift */ = {isa = PBXFileReference; lastKnownFileType = sourcecode.swift; path = WidgetView.swift; sourceTree = "<group>"; };
		93CB946C27D0D4C000140A0F /* CommitGenerator.entitlements */ = {isa = PBXFileReference; lastKnownFileType = text.plist.entitlements; path = CommitGenerator.entitlements; sourceTree = "<group>"; };
		93CB946F27D0D68000140A0F /* IssueWidgetExtension.entitlements */ = {isa = PBXFileReference; lastKnownFileType = text.plist.entitlements; path = IssueWidgetExtension.entitlements; sourceTree = "<group>"; };
		93D381E327CCBADB0047043A /* Info.plist */ = {isa = PBXFileReference; lastKnownFileType = text.plist; path = Info.plist; sourceTree = "<group>"; };
		93D381E427CCBCD30047043A /* Const.swift */ = {isa = PBXFileReference; lastKnownFileType = sourcecode.swift; path = Const.swift; sourceTree = "<group>"; };
		93D381E727CCBD7F0047043A /* GithubLoginView.swift */ = {isa = PBXFileReference; lastKnownFileType = sourcecode.swift; path = GithubLoginView.swift; sourceTree = "<group>"; };
		93D381EA27CCD5BD0047043A /* TokenManager.swift */ = {isa = PBXFileReference; lastKnownFileType = sourcecode.swift; path = TokenManager.swift; sourceTree = "<group>"; };
		93D381ED27CCD8330047043A /* DeepLinkHandler.swift */ = {isa = PBXFileReference; lastKnownFileType = sourcecode.swift; path = DeepLinkHandler.swift; sourceTree = "<group>"; };
		93D381F027CD0A670047043A /* KeyChainManager.swift */ = {isa = PBXFileReference; lastKnownFileType = sourcecode.swift; path = KeyChainManager.swift; sourceTree = "<group>"; };
		93D381F227CD11690047043A /* GithubService.swift */ = {isa = PBXFileReference; lastKnownFileType = sourcecode.swift; path = GithubService.swift; sourceTree = "<group>"; };
		93D381F427CD13C40047043A /* Lodable.swift */ = {isa = PBXFileReference; lastKnownFileType = sourcecode.swift; path = Lodable.swift; sourceTree = "<group>"; };
		93D381F827CD154D0047043A /* NetworkError.swift */ = {isa = PBXFileReference; lastKnownFileType = sourcecode.swift; path = NetworkError.swift; sourceTree = "<group>"; };
		93E8105527C9B639008B423A /* PersistenceController.swift */ = {isa = PBXFileReference; lastKnownFileType = sourcecode.swift; path = PersistenceController.swift; sourceTree = "<group>"; };
		93EB6AB427CF465000B69672 /* EditTagView.swift */ = {isa = PBXFileReference; lastKnownFileType = sourcecode.swift; path = EditTagView.swift; sourceTree = "<group>"; };
		B3DBA5D12C4C687D7F60B967 /* Pods_CommitGenerator_CommitGeneratorUITests.framework */ = {isa = PBXFileReference; explicitFileType = wrapper.framework; includeInIndex = 0; path = Pods_CommitGenerator_CommitGeneratorUITests.framework; sourceTree = BUILT_PRODUCTS_DIR; };
		BD4CA7A9F768AA0C9EC27470 /* Pods_CommitGenerator_IssueWidgetExtension.framework */ = {isa = PBXFileReference; explicitFileType = wrapper.framework; includeInIndex = 0; path = Pods_CommitGenerator_IssueWidgetExtension.framework; sourceTree = BUILT_PRODUCTS_DIR; };
		D6A2BACE5ADEFBF4709D4C9D /* Pods-CommitGenerator-CommitGeneratorUITests.debug.xcconfig */ = {isa = PBXFileReference; includeInIndex = 1; lastKnownFileType = text.xcconfig; name = "Pods-CommitGenerator-CommitGeneratorUITests.debug.xcconfig"; path = "Target Support Files/Pods-CommitGenerator-CommitGeneratorUITests/Pods-CommitGenerator-CommitGeneratorUITests.debug.xcconfig"; sourceTree = "<group>"; };
		F2740CCD6BDBB6EABCEEE0E8 /* libPods-MacCommitGenerator.a */ = {isa = PBXFileReference; explicitFileType = archive.ar; includeInIndex = 0; path = "libPods-MacCommitGenerator.a"; sourceTree = BUILT_PRODUCTS_DIR; };
/* End PBXFileReference section */

/* Begin PBXFrameworksBuildPhase section */
		0000C93F27D1CF97005A7D4A /* Frameworks */ = {
			isa = PBXFrameworksBuildPhase;
			buildActionMask = 2147483647;
			files = (
				F7E8FF74835D582FDF56968A /* libPods-MacCommitGenerator.a in Frameworks */,
			);
			runOnlyForDeploymentPostprocessing = 0;
		};
		938830EC27C8828800D22C6A /* Frameworks */ = {
			isa = PBXFrameworksBuildPhase;
			buildActionMask = 2147483647;
			files = (
				3C362538DB9A15AD67897C2C /* Pods_CommitGenerator.framework in Frameworks */,
			);
			runOnlyForDeploymentPostprocessing = 0;
		};
		938830FC27C8828900D22C6A /* Frameworks */ = {
			isa = PBXFrameworksBuildPhase;
			buildActionMask = 2147483647;
			files = (
				D769A4AC8E256061ECC96F5A /* Pods_CommitGeneratorTests.framework in Frameworks */,
			);
			runOnlyForDeploymentPostprocessing = 0;
		};
		9388310627C8828900D22C6A /* Frameworks */ = {
			isa = PBXFrameworksBuildPhase;
			buildActionMask = 2147483647;
			files = (
				2C44CC71362A30B5707C9F35 /* Pods_CommitGenerator_CommitGeneratorUITests.framework in Frameworks */,
			);
			runOnlyForDeploymentPostprocessing = 0;
		};
		93CB945327D0CC0700140A0F /* Frameworks */ = {
			isa = PBXFrameworksBuildPhase;
			buildActionMask = 2147483647;
			files = (
				93CB945827D0CC0700140A0F /* SwiftUI.framework in Frameworks */,
				93CB945727D0CC0700140A0F /* WidgetKit.framework in Frameworks */,
				9202A177A19A853EF9C4D308 /* Pods_CommitGenerator_IssueWidgetExtension.framework in Frameworks */,
			);
			runOnlyForDeploymentPostprocessing = 0;
		};
/* End PBXFrameworksBuildPhase section */

/* Begin PBXGroup section */
		0000C94327D1CF97005A7D4A /* MacCommitGenerator */ = {
			isa = PBXGroup;
			children = (
				0036434D27D58ACE003AC248 /* Info.plist */,
				008C6FEF27D4B0C000278EE3 /* Resources */,
				00FABE1727D23E5D004E4800 /* View */,
				0000C94427D1CF97005A7D4A /* MacCommitGeneratorApp.swift */,
				0000C94D27D1CF98005A7D4A /* MacCommitGenerator.entitlements */,
				0000C94A27D1CF98005A7D4A /* Preview Content */,
			);
			path = MacCommitGenerator;
			sourceTree = "<group>";
		};
		0000C94A27D1CF98005A7D4A /* Preview Content */ = {
			isa = PBXGroup;
			children = (
				0000C94B27D1CF98005A7D4A /* Preview Assets.xcassets */,
			);
			path = "Preview Content";
			sourceTree = "<group>";
		};
		008C6FE427D4AE1700278EE3 /* TagList */ = {
			isa = PBXGroup;
			children = (
				008C6FEB27D4AF4100278EE3 /* TagList.swift */,
				008C6FED27D4B06400278EE3 /* TagRow.swift */,
				008C6FF227D4D3B100278EE3 /* TagDetail.swift */,
				0036434E27D58B59003AC248 /* AddTag.swift */,
			);
			path = TagList;
			sourceTree = "<group>";
		};
		008C6FEF27D4B0C000278EE3 /* Resources */ = {
			isa = PBXGroup;
			children = (
				0000C94827D1CF98005A7D4A /* Assets.xcassets */,
			);
			path = Resources;
			sourceTree = "<group>";
		};
		00FABE1727D23E5D004E4800 /* View */ = {
			isa = PBXGroup;
			children = (
				008C6FE427D4AE1700278EE3 /* TagList */,
				0000C94627D1CF97005A7D4A /* ContentView.swift */,
				00FABE1427D22690004E4800 /* Sidebar.swift */,
			);
			path = View;
			sourceTree = "<group>";
		};
		183433A2B234880526F0393B /* Frameworks */ = {
			isa = PBXGroup;
			children = (
				7E2AD0004546EB21BBB152DC /* Pods_CommitGenerator.framework */,
				B3DBA5D12C4C687D7F60B967 /* Pods_CommitGenerator_CommitGeneratorUITests.framework */,
				85106CB3D348BCA8E98BE295 /* Pods_CommitGeneratorTests.framework */,
				93CB943E27D0CAE200140A0F /* WidgetKit.framework */,
				93CB944027D0CAE200140A0F /* SwiftUI.framework */,
				BD4CA7A9F768AA0C9EC27470 /* Pods_CommitGenerator_IssueWidgetExtension.framework */,
				F2740CCD6BDBB6EABCEEE0E8 /* libPods-MacCommitGenerator.a */,
			);
			name = Frameworks;
			sourceTree = "<group>";
		};
		930B967127D044030064CF44 /* EditTag */ = {
			isa = PBXGroup;
			children = (
				9356FAFE27CF207C004A59C2 /* EditTagList.swift */,
				9356FB0027CF249B004A59C2 /* EditTagRow.swift */,
				93EB6AB427CF465000B69672 /* EditTagView.swift */,
			);
			path = EditTag;
			sourceTree = "<group>";
		};
		930B967327D053F40064CF44 /* Services */ = {
			isa = PBXGroup;
			children = (
				93D381EA27CCD5BD0047043A /* TokenManager.swift */,
				93D381F227CD11690047043A /* GithubService.swift */,
				93D381F827CD154D0047043A /* NetworkError.swift */,
			);
			path = Services;
			sourceTree = "<group>";
		};
		932D888927C8DEBA0072B896 /* Tag */ = {
			isa = PBXGroup;
			children = (
				932D888727C8DC080072B896 /* TagSelector.swift */,
				932D888A27C8DECA0072B896 /* TagList.swift */,
				932D888C27C8E0F80072B896 /* TagRow.swift */,
			);
			path = Tag;
			sourceTree = "<group>";
		};
		9351EF8F27CC5E2C00AF6F25 /* Commit */ = {
			isa = PBXGroup;
			children = (
				938830F427C8828800D22C6A /* CommitWriteHost.swift */,
				9351EF9027CC5E4000AF6F25 /* CommitViewModel.swift */,
			);
			path = Commit;
			sourceTree = "<group>";
		};
		9351EF9A27CC6D0B00AF6F25 /* Commit */ = {
			isa = PBXGroup;
			children = (
				9351EF9D27CC6E2800AF6F25 /* CopyType.swift */,
				9351EF9F27CC6E8E00AF6F25 /* CommitWriter.swift */,
			);
			path = Commit;
			sourceTree = "<group>";
		};
		9361E8E927C89434007B8740 /* Helpers */ = {
			isa = PBXGroup;
			children = (
				93845B9A27CA002F00951A57 /* EditorType.swift */,
				9361E8EA27C8943B007B8740 /* Button.swift */,
				932189A227C9DE20007472FD /* TextField.swift */,
				93845B9827C9FF3A00951A57 /* TextEditor.swift */,
				9372F66827CDDF290077A3E0 /* Image.swift */,
				939A5FDE27CDE2630055E17B /* Text.swift */,
			);
			path = Helpers;
			sourceTree = "<group>";
		};
		93639BB127CDB13E00D52C5C /* Github */ = {
			isa = PBXGroup;
			children = (
				93639BB227CDB14200D52C5C /* User.swift */,
				9351EF9227CC612F00AF6F25 /* IssueType.swift */,
				9351EF9527CC61D300AF6F25 /* Issue.swift */,
			);
			path = Github;
			sourceTree = "<group>";
		};
		93639BB427CDBB0A00D52C5C /* BottomSheet */ = {
			isa = PBXGroup;
			children = (
				93639BB527CDBB1700D52C5C /* BottomSheetManager.swift */,
				93639BB727CDC84B00D52C5C /* BottomSheetContainer.swift */,
			);
			path = BottomSheet;
			sourceTree = "<group>";
		};
		9374202927D0E5D900999DEC /* View */ = {
			isa = PBXGroup;
			children = (
				93CB946527D0CFC000140A0F /* WidgetView.swift */,
				9374202A27D0E5E600999DEC /* IssueRow.swift */,
			);
			path = View;
			sourceTree = "<group>";
		};
		93845B9C27CA00AA00951A57 /* Const */ = {
			isa = PBXGroup;
			children = (
				93D381E427CCBCD30047043A /* Const.swift */,
			);
			path = Const;
			sourceTree = "<group>";
		};
		938830E627C8828800D22C6A = {
			isa = PBXGroup;
			children = (
				93CB946F27D0D68000140A0F /* IssueWidgetExtension.entitlements */,
				93B3063127D0606700C6EC3D /* .swiftlint.yml */,
				938830F127C8828800D22C6A /* CommitGenerator */,
				9388310227C8828900D22C6A /* CommitGeneratorTests */,
				9388310C27C8828900D22C6A /* CommitGeneratorUITests */,
				93CB945927D0CC0700140A0F /* IssueWidget */,
				0000C94327D1CF97005A7D4A /* MacCommitGenerator */,
				938830F027C8828800D22C6A /* Products */,
				F3003F0FAEA69B5790800926 /* Pods */,
				183433A2B234880526F0393B /* Frameworks */,
			);
			sourceTree = "<group>";
		};
		938830F027C8828800D22C6A /* Products */ = {
			isa = PBXGroup;
			children = (
				938830EF27C8828800D22C6A /* CommitGenerator.app */,
				938830FF27C8828900D22C6A /* CommitGeneratorTests.xctest */,
				9388310927C8828900D22C6A /* CommitGeneratorUITests.xctest */,
				93CB945627D0CC0700140A0F /* IssueWidgetExtension.appex */,
				0000C94227D1CF97005A7D4A /* MacCommitGenerator.app */,
			);
			name = Products;
			sourceTree = "<group>";
		};
		938830F127C8828800D22C6A /* CommitGenerator */ = {
			isa = PBXGroup;
			children = (
				93CB946C27D0D4C000140A0F /* CommitGenerator.entitlements */,
				930B967327D053F40064CF44 /* Services */,
				93D381EC27CCD82B0047043A /* System */,
				93D381E327CCBADB0047043A /* Info.plist */,
				93845B9C27CA00AA00951A57 /* Const */,
				93E8105127C9B4E6008B423A /* CoreData */,
				9388311E27C88F0D00D22C6A /* Model */,
				9388311D27C88F0800D22C6A /* View */,
				9388311C27C88EC000D22C6A /* Resources */,
			);
			path = CommitGenerator;
			sourceTree = "<group>";
		};
		9388310227C8828900D22C6A /* CommitGeneratorTests */ = {
			isa = PBXGroup;
			children = (
				9388310327C8828900D22C6A /* CommitGeneratorTests.swift */,
			);
			path = CommitGeneratorTests;
			sourceTree = "<group>";
		};
		9388310C27C8828900D22C6A /* CommitGeneratorUITests */ = {
			isa = PBXGroup;
			children = (
				9388310D27C8828900D22C6A /* CommitGeneratorUITests.swift */,
				9388310F27C8828900D22C6A /* CommitGeneratorUITestsLaunchTests.swift */,
			);
			path = CommitGeneratorUITests;
			sourceTree = "<group>";
		};
		9388311C27C88EC000D22C6A /* Resources */ = {
			isa = PBXGroup;
			children = (
				008C6FF427D4D5A100278EE3 /* Color.swift */,
				938830F627C8828900D22C6A /* Assets.xcassets */,
				938830F927C8828900D22C6A /* Preview Assets.xcassets */,
			);
			path = Resources;
			sourceTree = "<group>";
		};
		9388311D27C88F0800D22C6A /* View */ = {
			isa = PBXGroup;
			children = (
				930B967127D044030064CF44 /* EditTag */,
				93639BB427CDBB0A00D52C5C /* BottomSheet */,
				93D381E627CCBD740047043A /* Github */,
				9351EF8F27CC5E2C00AF6F25 /* Commit */,
				93B7ADDE27CA46DC00A1EF24 /* Issue */,
				932D888927C8DEBA0072B896 /* Tag */,
				9361E8E927C89434007B8740 /* Helpers */,
				9388311F27C88F1700D22C6A /* Setting */,
				93B7ADDC27CA3D1800A1EF24 /* ViewExtension.swift */,
				93B7ADE327CA4FC600A1EF24 /* RootTabView.swift */,
			);
			path = View;
			sourceTree = "<group>";
		};
		9388311E27C88F0D00D22C6A /* Model */ = {
			isa = PBXGroup;
			children = (
				93639BB127CDB13E00D52C5C /* Github */,
				93D381EF27CD0A490047043A /* KeyChain */,
				9351EF9A27CC6D0B00AF6F25 /* Commit */,
				93845B9D27CA25C100951A57 /* MockedModel.swift */,
				93D381F427CD13C40047043A /* Lodable.swift */,
			);
			path = Model;
			sourceTree = "<group>";
		};
		9388311F27C88F1700D22C6A /* Setting */ = {
			isa = PBXGroup;
			children = (
				9356FAF427CF0074004A59C2 /* SettingHost.swift */,
				9356FAF627CF007F004A59C2 /* ProfileView.swift */,
				9356FAF827CF055B004A59C2 /* SettingRow.swift */,
			);
			path = Setting;
			sourceTree = "<group>";
		};
		93B7ADDE27CA46DC00A1EF24 /* Issue */ = {
			isa = PBXGroup;
			children = (
				93B7ADDF27CA46E800A1EF24 /* SelectedIssueItem.swift */,
				93B7ADE127CA482C00A1EF24 /* SelectedIssueList.swift */,
				9351EF9827CC693F00AF6F25 /* IssuePicker.swift */,
				939A5FE127CDF09C0055E17B /* IssueList.swift */,
			);
			path = Issue;
			sourceTree = "<group>";
		};
		93CB945927D0CC0700140A0F /* IssueWidget */ = {
			isa = PBXGroup;
			children = (
				9374202927D0E5D900999DEC /* View */,
				93CB945A27D0CC0700140A0F /* IssueWidget.swift */,
				93CB945C27D0CC0800140A0F /* Assets.xcassets */,
				93CB945E27D0CC0800140A0F /* Info.plist */,
			);
			path = IssueWidget;
			sourceTree = "<group>";
		};
		93D381E627CCBD740047043A /* Github */ = {
			isa = PBXGroup;
			children = (
				93D381E727CCBD7F0047043A /* GithubLoginView.swift */,
				93639BAF27CDB06000D52C5C /* Authentication.swift */,
			);
			path = Github;
			sourceTree = "<group>";
		};
		93D381EC27CCD82B0047043A /* System */ = {
			isa = PBXGroup;
			children = (
				93D381ED27CCD8330047043A /* DeepLinkHandler.swift */,
				938830F227C8828800D22C6A /* CommitGeneratorApp.swift */,
			);
			path = System;
			sourceTree = "<group>";
		};
		93D381EF27CD0A490047043A /* KeyChain */ = {
			isa = PBXGroup;
			children = (
				93D381F027CD0A670047043A /* KeyChainManager.swift */,
			);
			path = KeyChain;
			sourceTree = "<group>";
		};
		93E8105127C9B4E6008B423A /* CoreData */ = {
			isa = PBXGroup;
			children = (
				9321899D27C9BB5E007472FD /* Database.xcdatamodeld */,
				93E8105527C9B639008B423A /* PersistenceController.swift */,
				932189A027C9DB36007472FD /* MockedData.swift */,
			);
			path = CoreData;
			sourceTree = "<group>";
		};
		F3003F0FAEA69B5790800926 /* Pods */ = {
			isa = PBXGroup;
			children = (
				88F3E203F560DBF144931957 /* Pods-CommitGenerator.debug.xcconfig */,
				601E2A26098ABCFF496F5E89 /* Pods-CommitGenerator.release.xcconfig */,
				D6A2BACE5ADEFBF4709D4C9D /* Pods-CommitGenerator-CommitGeneratorUITests.debug.xcconfig */,
				862C343D21BACCC78A08C529 /* Pods-CommitGenerator-CommitGeneratorUITests.release.xcconfig */,
				5C003D0B0C9D8A8E6A1A1A8F /* Pods-CommitGeneratorTests.debug.xcconfig */,
				319F74841EC1D012A3D62C49 /* Pods-CommitGeneratorTests.release.xcconfig */,
				68CFAFEAFB569F0E6EF18EED /* Pods-CommitGenerator-IssueWidgetExtension.debug.xcconfig */,
				31FF32EBE795BE673DC8E315 /* Pods-CommitGenerator-IssueWidgetExtension.release.xcconfig */,
				306D3BCA50BB242AA1F95FE0 /* Pods-CommitGenerator-MacCommitGenerator.debug.xcconfig */,
				87F6894A4F398B6C3CFFFCF0 /* Pods-CommitGenerator-MacCommitGenerator.release.xcconfig */,
				1E23843B65AB6D79BC111871 /* Pods-MacCommitGenerator.debug.xcconfig */,
				866BD78B89B40C34DEB60045 /* Pods-MacCommitGenerator.release.xcconfig */,
			);
			path = Pods;
			sourceTree = "<group>";
		};
/* End PBXGroup section */

/* Begin PBXNativeTarget section */
		0000C94127D1CF97005A7D4A /* MacCommitGenerator */ = {
			isa = PBXNativeTarget;
			buildConfigurationList = 0000C95027D1CF98005A7D4A /* Build configuration list for PBXNativeTarget "MacCommitGenerator" */;
			buildPhases = (
				762517B7381363E922882459 /* [CP] Check Pods Manifest.lock */,
				0000C93E27D1CF97005A7D4A /* Sources */,
				0000C93F27D1CF97005A7D4A /* Frameworks */,
				0000C94027D1CF97005A7D4A /* Resources */,
			);
			buildRules = (
			);
			dependencies = (
			);
			name = MacCommitGenerator;
			productName = MacCommitGenerator;
			productReference = 0000C94227D1CF97005A7D4A /* MacCommitGenerator.app */;
			productType = "com.apple.product-type.application";
		};
		938830EE27C8828800D22C6A /* CommitGenerator */ = {
			isa = PBXNativeTarget;
			buildConfigurationList = 9388311327C8828900D22C6A /* Build configuration list for PBXNativeTarget "CommitGenerator" */;
			buildPhases = (
				9730E55DE5C85EEE6691DE11 /* [CP] Check Pods Manifest.lock */,
				930B967427D05E0D0064CF44 /* SwiftLint Script */,
				938830EB27C8828800D22C6A /* Sources */,
				938830EC27C8828800D22C6A /* Frameworks */,
				938830ED27C8828800D22C6A /* Resources */,
				A2D869369D2A3999A8E1F8CB /* [CP] Embed Pods Frameworks */,
				93CB944D27D0CAE300140A0F /* Embed App Extensions */,
			);
			buildRules = (
			);
			dependencies = (
				93CB946027D0CC0800140A0F /* PBXTargetDependency */,
			);
			name = CommitGenerator;
			productName = CommitGenerator;
			productReference = 938830EF27C8828800D22C6A /* CommitGenerator.app */;
			productType = "com.apple.product-type.application";
		};
		938830FE27C8828900D22C6A /* CommitGeneratorTests */ = {
			isa = PBXNativeTarget;
			buildConfigurationList = 9388311627C8828900D22C6A /* Build configuration list for PBXNativeTarget "CommitGeneratorTests" */;
			buildPhases = (
				8C979BAC7969316AF873245D /* [CP] Check Pods Manifest.lock */,
				938830FB27C8828900D22C6A /* Sources */,
				938830FC27C8828900D22C6A /* Frameworks */,
				938830FD27C8828900D22C6A /* Resources */,
			);
			buildRules = (
			);
			dependencies = (
				9388310127C8828900D22C6A /* PBXTargetDependency */,
			);
			name = CommitGeneratorTests;
			productName = CommitGeneratorTests;
			productReference = 938830FF27C8828900D22C6A /* CommitGeneratorTests.xctest */;
			productType = "com.apple.product-type.bundle.unit-test";
		};
		9388310827C8828900D22C6A /* CommitGeneratorUITests */ = {
			isa = PBXNativeTarget;
			buildConfigurationList = 9388311927C8828900D22C6A /* Build configuration list for PBXNativeTarget "CommitGeneratorUITests" */;
			buildPhases = (
				9AB95E61097CDF5ECF0111D1 /* [CP] Check Pods Manifest.lock */,
				9388310527C8828900D22C6A /* Sources */,
				9388310627C8828900D22C6A /* Frameworks */,
				9388310727C8828900D22C6A /* Resources */,
				C274AEE38448C857E59FC260 /* [CP] Embed Pods Frameworks */,
			);
			buildRules = (
			);
			dependencies = (
				9388310B27C8828900D22C6A /* PBXTargetDependency */,
			);
			name = CommitGeneratorUITests;
			productName = CommitGeneratorUITests;
			productReference = 9388310927C8828900D22C6A /* CommitGeneratorUITests.xctest */;
			productType = "com.apple.product-type.bundle.ui-testing";
		};
		93CB945527D0CC0700140A0F /* IssueWidgetExtension */ = {
			isa = PBXNativeTarget;
			buildConfigurationList = 93CB946227D0CC0800140A0F /* Build configuration list for PBXNativeTarget "IssueWidgetExtension" */;
			buildPhases = (
				01F0652140C7464A3C986B0B /* [CP] Check Pods Manifest.lock */,
				93CB945227D0CC0700140A0F /* Sources */,
				93CB945327D0CC0700140A0F /* Frameworks */,
				93CB945427D0CC0700140A0F /* Resources */,
			);
			buildRules = (
			);
			dependencies = (
			);
			name = IssueWidgetExtension;
			productName = IssueWidgetExtension;
			productReference = 93CB945627D0CC0700140A0F /* IssueWidgetExtension.appex */;
			productType = "com.apple.product-type.app-extension";
		};
/* End PBXNativeTarget section */

/* Begin PBXProject section */
		938830E727C8828800D22C6A /* Project object */ = {
			isa = PBXProject;
			attributes = {
				BuildIndependentTargetsInParallel = 1;
				LastSwiftUpdateCheck = 1320;
				LastUpgradeCheck = 1320;
				TargetAttributes = {
					0000C94127D1CF97005A7D4A = {
						CreatedOnToolsVersion = 13.2.1;
					};
					938830EE27C8828800D22C6A = {
						CreatedOnToolsVersion = 13.2.1;
					};
					938830FE27C8828900D22C6A = {
						CreatedOnToolsVersion = 13.2.1;
						TestTargetID = 938830EE27C8828800D22C6A;
					};
					9388310827C8828900D22C6A = {
						CreatedOnToolsVersion = 13.2.1;
						TestTargetID = 938830EE27C8828800D22C6A;
					};
					93CB945527D0CC0700140A0F = {
						CreatedOnToolsVersion = 13.2.1;
					};
				};
			};
			buildConfigurationList = 938830EA27C8828800D22C6A /* Build configuration list for PBXProject "CommitGenerator" */;
			compatibilityVersion = "Xcode 13.0";
			developmentRegion = en;
			hasScannedForEncodings = 0;
			knownRegions = (
				en,
				Base,
			);
			mainGroup = 938830E627C8828800D22C6A;
			productRefGroup = 938830F027C8828800D22C6A /* Products */;
			projectDirPath = "";
			projectRoot = "";
			targets = (
				938830EE27C8828800D22C6A /* CommitGenerator */,
				938830FE27C8828900D22C6A /* CommitGeneratorTests */,
				9388310827C8828900D22C6A /* CommitGeneratorUITests */,
				93CB945527D0CC0700140A0F /* IssueWidgetExtension */,
				0000C94127D1CF97005A7D4A /* MacCommitGenerator */,
			);
		};
/* End PBXProject section */

/* Begin PBXResourcesBuildPhase section */
		0000C94027D1CF97005A7D4A /* Resources */ = {
			isa = PBXResourcesBuildPhase;
			buildActionMask = 2147483647;
			files = (
				0000C94C27D1CF98005A7D4A /* Preview Assets.xcassets in Resources */,
				0000C95227D1CFC7005A7D4A /* Assets.xcassets in Resources */,
				0000C94927D1CF98005A7D4A /* Assets.xcassets in Resources */,
			);
			runOnlyForDeploymentPostprocessing = 0;
		};
		938830ED27C8828800D22C6A /* Resources */ = {
			isa = PBXResourcesBuildPhase;
			buildActionMask = 2147483647;
			files = (
				93B3063227D0606700C6EC3D /* .swiftlint.yml in Resources */,
				938830FA27C8828900D22C6A /* Preview Assets.xcassets in Resources */,
				938830F727C8828900D22C6A /* Assets.xcassets in Resources */,
			);
			runOnlyForDeploymentPostprocessing = 0;
		};
		938830FD27C8828900D22C6A /* Resources */ = {
			isa = PBXResourcesBuildPhase;
			buildActionMask = 2147483647;
			files = (
			);
			runOnlyForDeploymentPostprocessing = 0;
		};
		9388310727C8828900D22C6A /* Resources */ = {
			isa = PBXResourcesBuildPhase;
			buildActionMask = 2147483647;
			files = (
			);
			runOnlyForDeploymentPostprocessing = 0;
		};
		93CB945427D0CC0700140A0F /* Resources */ = {
			isa = PBXResourcesBuildPhase;
			buildActionMask = 2147483647;
			files = (
				93CB945D27D0CC0800140A0F /* Assets.xcassets in Resources */,
			);
			runOnlyForDeploymentPostprocessing = 0;
		};
/* End PBXResourcesBuildPhase section */

/* Begin PBXShellScriptBuildPhase section */
		01F0652140C7464A3C986B0B /* [CP] Check Pods Manifest.lock */ = {
			isa = PBXShellScriptBuildPhase;
			buildActionMask = 2147483647;
			files = (
			);
			inputFileListPaths = (
			);
			inputPaths = (
				"${PODS_PODFILE_DIR_PATH}/Podfile.lock",
				"${PODS_ROOT}/Manifest.lock",
			);
			name = "[CP] Check Pods Manifest.lock";
			outputFileListPaths = (
			);
			outputPaths = (
				"$(DERIVED_FILE_DIR)/Pods-CommitGenerator-IssueWidgetExtension-checkManifestLockResult.txt",
			);
			runOnlyForDeploymentPostprocessing = 0;
			shellPath = /bin/sh;
			shellScript = "diff \"${PODS_PODFILE_DIR_PATH}/Podfile.lock\" \"${PODS_ROOT}/Manifest.lock\" > /dev/null\nif [ $? != 0 ] ; then\n    # print error to STDERR\n    echo \"error: The sandbox is not in sync with the Podfile.lock. Run 'pod install' or update your CocoaPods installation.\" >&2\n    exit 1\nfi\n# This output is used by Xcode 'outputs' to avoid re-running this script phase.\necho \"SUCCESS\" > \"${SCRIPT_OUTPUT_FILE_0}\"\n";
			showEnvVarsInLog = 0;
		};
		762517B7381363E922882459 /* [CP] Check Pods Manifest.lock */ = {
			isa = PBXShellScriptBuildPhase;
			buildActionMask = 2147483647;
			files = (
			);
			inputFileListPaths = (
			);
			inputPaths = (
				"${PODS_PODFILE_DIR_PATH}/Podfile.lock",
				"${PODS_ROOT}/Manifest.lock",
			);
			name = "[CP] Check Pods Manifest.lock";
			outputFileListPaths = (
			);
			outputPaths = (
				"$(DERIVED_FILE_DIR)/Pods-MacCommitGenerator-checkManifestLockResult.txt",
			);
			runOnlyForDeploymentPostprocessing = 0;
			shellPath = /bin/sh;
			shellScript = "diff \"${PODS_PODFILE_DIR_PATH}/Podfile.lock\" \"${PODS_ROOT}/Manifest.lock\" > /dev/null\nif [ $? != 0 ] ; then\n    # print error to STDERR\n    echo \"error: The sandbox is not in sync with the Podfile.lock. Run 'pod install' or update your CocoaPods installation.\" >&2\n    exit 1\nfi\n# This output is used by Xcode 'outputs' to avoid re-running this script phase.\necho \"SUCCESS\" > \"${SCRIPT_OUTPUT_FILE_0}\"\n";
			showEnvVarsInLog = 0;
		};
		8C979BAC7969316AF873245D /* [CP] Check Pods Manifest.lock */ = {
			isa = PBXShellScriptBuildPhase;
			buildActionMask = 2147483647;
			files = (
			);
			inputFileListPaths = (
			);
			inputPaths = (
				"${PODS_PODFILE_DIR_PATH}/Podfile.lock",
				"${PODS_ROOT}/Manifest.lock",
			);
			name = "[CP] Check Pods Manifest.lock";
			outputFileListPaths = (
			);
			outputPaths = (
				"$(DERIVED_FILE_DIR)/Pods-CommitGeneratorTests-checkManifestLockResult.txt",
			);
			runOnlyForDeploymentPostprocessing = 0;
			shellPath = /bin/sh;
			shellScript = "diff \"${PODS_PODFILE_DIR_PATH}/Podfile.lock\" \"${PODS_ROOT}/Manifest.lock\" > /dev/null\nif [ $? != 0 ] ; then\n    # print error to STDERR\n    echo \"error: The sandbox is not in sync with the Podfile.lock. Run 'pod install' or update your CocoaPods installation.\" >&2\n    exit 1\nfi\n# This output is used by Xcode 'outputs' to avoid re-running this script phase.\necho \"SUCCESS\" > \"${SCRIPT_OUTPUT_FILE_0}\"\n";
			showEnvVarsInLog = 0;
		};
		930B967427D05E0D0064CF44 /* SwiftLint Script */ = {
			isa = PBXShellScriptBuildPhase;
			buildActionMask = 2147483647;
			files = (
			);
			inputFileListPaths = (
			);
			inputPaths = (
			);
			name = "SwiftLint Script";
			outputFileListPaths = (
			);
			outputPaths = (
			);
			runOnlyForDeploymentPostprocessing = 0;
			shellPath = /bin/sh;
			shellScript = "# Type a script or drag a script file from your workspace to insert its path.\n${PODS_ROOT}/SwiftLint/swiftlint\n";
		};
		9730E55DE5C85EEE6691DE11 /* [CP] Check Pods Manifest.lock */ = {
			isa = PBXShellScriptBuildPhase;
			buildActionMask = 2147483647;
			files = (
			);
			inputFileListPaths = (
			);
			inputPaths = (
				"${PODS_PODFILE_DIR_PATH}/Podfile.lock",
				"${PODS_ROOT}/Manifest.lock",
			);
			name = "[CP] Check Pods Manifest.lock";
			outputFileListPaths = (
			);
			outputPaths = (
				"$(DERIVED_FILE_DIR)/Pods-CommitGenerator-checkManifestLockResult.txt",
			);
			runOnlyForDeploymentPostprocessing = 0;
			shellPath = /bin/sh;
			shellScript = "diff \"${PODS_PODFILE_DIR_PATH}/Podfile.lock\" \"${PODS_ROOT}/Manifest.lock\" > /dev/null\nif [ $? != 0 ] ; then\n    # print error to STDERR\n    echo \"error: The sandbox is not in sync with the Podfile.lock. Run 'pod install' or update your CocoaPods installation.\" >&2\n    exit 1\nfi\n# This output is used by Xcode 'outputs' to avoid re-running this script phase.\necho \"SUCCESS\" > \"${SCRIPT_OUTPUT_FILE_0}\"\n";
			showEnvVarsInLog = 0;
		};
		9AB95E61097CDF5ECF0111D1 /* [CP] Check Pods Manifest.lock */ = {
			isa = PBXShellScriptBuildPhase;
			buildActionMask = 2147483647;
			files = (
			);
			inputFileListPaths = (
			);
			inputPaths = (
				"${PODS_PODFILE_DIR_PATH}/Podfile.lock",
				"${PODS_ROOT}/Manifest.lock",
			);
			name = "[CP] Check Pods Manifest.lock";
			outputFileListPaths = (
			);
			outputPaths = (
				"$(DERIVED_FILE_DIR)/Pods-CommitGenerator-CommitGeneratorUITests-checkManifestLockResult.txt",
			);
			runOnlyForDeploymentPostprocessing = 0;
			shellPath = /bin/sh;
			shellScript = "diff \"${PODS_PODFILE_DIR_PATH}/Podfile.lock\" \"${PODS_ROOT}/Manifest.lock\" > /dev/null\nif [ $? != 0 ] ; then\n    # print error to STDERR\n    echo \"error: The sandbox is not in sync with the Podfile.lock. Run 'pod install' or update your CocoaPods installation.\" >&2\n    exit 1\nfi\n# This output is used by Xcode 'outputs' to avoid re-running this script phase.\necho \"SUCCESS\" > \"${SCRIPT_OUTPUT_FILE_0}\"\n";
			showEnvVarsInLog = 0;
		};
		A2D869369D2A3999A8E1F8CB /* [CP] Embed Pods Frameworks */ = {
			isa = PBXShellScriptBuildPhase;
			buildActionMask = 2147483647;
			files = (
			);
			inputFileListPaths = (
				"${PODS_ROOT}/Target Support Files/Pods-CommitGenerator/Pods-CommitGenerator-frameworks-${CONFIGURATION}-input-files.xcfilelist",
			);
			name = "[CP] Embed Pods Frameworks";
			outputFileListPaths = (
				"${PODS_ROOT}/Target Support Files/Pods-CommitGenerator/Pods-CommitGenerator-frameworks-${CONFIGURATION}-output-files.xcfilelist",
			);
			runOnlyForDeploymentPostprocessing = 0;
			shellPath = /bin/sh;
			shellScript = "\"${PODS_ROOT}/Target Support Files/Pods-CommitGenerator/Pods-CommitGenerator-frameworks.sh\"\n";
			showEnvVarsInLog = 0;
		};
		C274AEE38448C857E59FC260 /* [CP] Embed Pods Frameworks */ = {
			isa = PBXShellScriptBuildPhase;
			buildActionMask = 2147483647;
			files = (
			);
			inputFileListPaths = (
				"${PODS_ROOT}/Target Support Files/Pods-CommitGenerator-CommitGeneratorUITests/Pods-CommitGenerator-CommitGeneratorUITests-frameworks-${CONFIGURATION}-input-files.xcfilelist",
			);
			name = "[CP] Embed Pods Frameworks";
			outputFileListPaths = (
				"${PODS_ROOT}/Target Support Files/Pods-CommitGenerator-CommitGeneratorUITests/Pods-CommitGenerator-CommitGeneratorUITests-frameworks-${CONFIGURATION}-output-files.xcfilelist",
			);
			runOnlyForDeploymentPostprocessing = 0;
			shellPath = /bin/sh;
			shellScript = "\"${PODS_ROOT}/Target Support Files/Pods-CommitGenerator-CommitGeneratorUITests/Pods-CommitGenerator-CommitGeneratorUITests-frameworks.sh\"\n";
			showEnvVarsInLog = 0;
		};
/* End PBXShellScriptBuildPhase section */

/* Begin PBXSourcesBuildPhase section */
		0000C93E27D1CF97005A7D4A /* Sources */ = {
			isa = PBXSourcesBuildPhase;
			buildActionMask = 2147483647;
			files = (
				00FABE0927D1DB26004E4800 /* MockedModel.swift in Sources */,
				00FABE1227D1DEC9004E4800 /* NetworkError.swift in Sources */,
				00FABE0727D1D8C8004E4800 /* MockedData.swift in Sources */,
				008C6FEE27D4B06400278EE3 /* TagRow.swift in Sources */,
				0000C94727D1CF97005A7D4A /* ContentView.swift in Sources */,
				00FABE0F27D1DB6A004E4800 /* CommitWriter.swift in Sources */,
				008C6FEC27D4AF4100278EE3 /* TagList.swift in Sources */,
				0036434F27D58B59003AC248 /* AddTag.swift in Sources */,
				00FABE0527D1D8C2004E4800 /* Database.xcdatamodeld in Sources */,
				008C6FF327D4D3B100278EE3 /* TagDetail.swift in Sources */,
				00FABE1327D1DED6004E4800 /* Const.swift in Sources */,
				00FABE0D27D1DB65004E4800 /* KeyChainManager.swift in Sources */,
				00FABE0A27D1DB5C004E4800 /* User.swift in Sources */,
				00FABE0E27D1DB68004E4800 /* CopyType.swift in Sources */,
				008C6FF727D4D6A600278EE3 /* Color.swift in Sources */,
				00FABE1127D1DEC7004E4800 /* GithubService.swift in Sources */,
				00FABE0C27D1DB60004E4800 /* Issue.swift in Sources */,
				00FABE0827D1DB22004E4800 /* Lodable.swift in Sources */,
				0000C94527D1CF97005A7D4A /* MacCommitGeneratorApp.swift in Sources */,
				00FABE0627D1D8C4004E4800 /* PersistenceController.swift in Sources */,
				00FABE0B27D1DB5E004E4800 /* IssueType.swift in Sources */,
				00FABE1527D22690004E4800 /* Sidebar.swift in Sources */,
				00FABE1027D1DEC5004E4800 /* TokenManager.swift in Sources */,
			);
			runOnlyForDeploymentPostprocessing = 0;
		};
		938830EB27C8828800D22C6A /* Sources */ = {
			isa = PBXSourcesBuildPhase;
			buildActionMask = 2147483647;
			files = (
				9351EF9127CC5E4000AF6F25 /* CommitViewModel.swift in Sources */,
				932189A127C9DB36007472FD /* MockedData.swift in Sources */,
				9351EFA027CC6E8E00AF6F25 /* CommitWriter.swift in Sources */,
				93B7ADE227CA482C00A1EF24 /* SelectedIssueList.swift in Sources */,
				932189A327C9DE20007472FD /* TextField.swift in Sources */,
				93B7ADE027CA46E800A1EF24 /* SelectedIssueItem.swift in Sources */,
				9356FAF927CF055B004A59C2 /* SettingRow.swift in Sources */,
				93E8105627C9B639008B423A /* PersistenceController.swift in Sources */,
				008C6FF527D4D5A100278EE3 /* Color.swift in Sources */,
				93D381F127CD0A670047043A /* KeyChainManager.swift in Sources */,
				9351EF9E27CC6E2800AF6F25 /* CopyType.swift in Sources */,
				93D381F927CD154D0047043A /* NetworkError.swift in Sources */,
				932D888B27C8DECA0072B896 /* TagList.swift in Sources */,
				938830F527C8828800D22C6A /* CommitWriteHost.swift in Sources */,
				93D381EB27CCD5BD0047043A /* TokenManager.swift in Sources */,
				9356FAF727CF007F004A59C2 /* ProfileView.swift in Sources */,
				9372F66927CDDF290077A3E0 /* Image.swift in Sources */,
				93639BB327CDB14200D52C5C /* User.swift in Sources */,
				939A5FE227CDF09C0055E17B /* IssueList.swift in Sources */,
				9351EF9627CC61D300AF6F25 /* Issue.swift in Sources */,
				93EB6AB527CF465000B69672 /* EditTagView.swift in Sources */,
				932D888D27C8E0F80072B896 /* TagRow.swift in Sources */,
				9351EF9327CC612F00AF6F25 /* IssueType.swift in Sources */,
				9356FB0127CF249B004A59C2 /* EditTagRow.swift in Sources */,
				9321899F27C9BB5E007472FD /* Database.xcdatamodeld in Sources */,
				93845B9927C9FF3A00951A57 /* TextEditor.swift in Sources */,
				938830F327C8828800D22C6A /* CommitGeneratorApp.swift in Sources */,
				93B7ADDD27CA3D1800A1EF24 /* ViewExtension.swift in Sources */,
				93D381EE27CCD8330047043A /* DeepLinkHandler.swift in Sources */,
				93D381F327CD11690047043A /* GithubService.swift in Sources */,
				9356FAFF27CF207C004A59C2 /* EditTagList.swift in Sources */,
				93639BB827CDC84B00D52C5C /* BottomSheetContainer.swift in Sources */,
				9351EF9927CC693F00AF6F25 /* IssuePicker.swift in Sources */,
				93D381E827CCBD7F0047043A /* GithubLoginView.swift in Sources */,
				93639BB027CDB06000D52C5C /* Authentication.swift in Sources */,
				93845B9B27CA002F00951A57 /* EditorType.swift in Sources */,
				9361E8EB27C8943B007B8740 /* Button.swift in Sources */,
				9356FAF527CF0074004A59C2 /* SettingHost.swift in Sources */,
				93D381F527CD13C40047043A /* Lodable.swift in Sources */,
				93845B9E27CA25C100951A57 /* MockedModel.swift in Sources */,
				939A5FDF27CDE2630055E17B /* Text.swift in Sources */,
				93639BB627CDBB1700D52C5C /* BottomSheetManager.swift in Sources */,
				93B7ADE427CA4FC600A1EF24 /* RootTabView.swift in Sources */,
				932D888827C8DC080072B896 /* TagSelector.swift in Sources */,
				93D381E527CCBCD30047043A /* Const.swift in Sources */,
			);
			runOnlyForDeploymentPostprocessing = 0;
		};
		938830FB27C8828900D22C6A /* Sources */ = {
			isa = PBXSourcesBuildPhase;
			buildActionMask = 2147483647;
			files = (
				9388310427C8828900D22C6A /* CommitGeneratorTests.swift in Sources */,
			);
			runOnlyForDeploymentPostprocessing = 0;
		};
		9388310527C8828900D22C6A /* Sources */ = {
			isa = PBXSourcesBuildPhase;
			buildActionMask = 2147483647;
			files = (
				9388310E27C8828900D22C6A /* CommitGeneratorUITests.swift in Sources */,
				9388311027C8828900D22C6A /* CommitGeneratorUITestsLaunchTests.swift in Sources */,
			);
			runOnlyForDeploymentPostprocessing = 0;
		};
		93CB945227D0CC0700140A0F /* Sources */ = {
			isa = PBXSourcesBuildPhase;
			buildActionMask = 2147483647;
			files = (
				93CB946627D0CFC000140A0F /* WidgetView.swift in Sources */,
				93CB946D27D0D61B00140A0F /* KeyChainManager.swift in Sources */,
				93CB945B27D0CC0700140A0F /* IssueWidget.swift in Sources */,
				93CB946727D0D0BD00140A0F /* Issue.swift in Sources */,
				93CB947027D0D69100140A0F /* Const.swift in Sources */,
				934258B627D0D88400BC1FFF /* GithubService.swift in Sources */,
				93CB947127D0D69B00140A0F /* NetworkError.swift in Sources */,
				93CB946927D0D12500140A0F /* User.swift in Sources */,
				9374202B27D0E5E600999DEC /* IssueRow.swift in Sources */,
				93CB946827D0D0CF00140A0F /* Lodable.swift in Sources */,
			);
			runOnlyForDeploymentPostprocessing = 0;
		};
/* End PBXSourcesBuildPhase section */

/* Begin PBXTargetDependency section */
		9388310127C8828900D22C6A /* PBXTargetDependency */ = {
			isa = PBXTargetDependency;
			target = 938830EE27C8828800D22C6A /* CommitGenerator */;
			targetProxy = 9388310027C8828900D22C6A /* PBXContainerItemProxy */;
		};
		9388310B27C8828900D22C6A /* PBXTargetDependency */ = {
			isa = PBXTargetDependency;
			target = 938830EE27C8828800D22C6A /* CommitGenerator */;
			targetProxy = 9388310A27C8828900D22C6A /* PBXContainerItemProxy */;
		};
		93CB946027D0CC0800140A0F /* PBXTargetDependency */ = {
			isa = PBXTargetDependency;
			target = 93CB945527D0CC0700140A0F /* IssueWidgetExtension */;
			targetProxy = 93CB945F27D0CC0800140A0F /* PBXContainerItemProxy */;
		};
/* End PBXTargetDependency section */

/* Begin XCBuildConfiguration section */
		0000C94E27D1CF98005A7D4A /* Debug */ = {
			isa = XCBuildConfiguration;
			baseConfigurationReference = 1E23843B65AB6D79BC111871 /* Pods-MacCommitGenerator.debug.xcconfig */;
			buildSettings = {
				ASSETCATALOG_COMPILER_APPICON_NAME = AppIcon;
				ASSETCATALOG_COMPILER_GLOBAL_ACCENT_COLOR_NAME = AccentColor;
				ASSETCATALOG_COMPILER_INCLUDE_ALL_APPICON_ASSETS = YES;
				CODE_SIGN_ENTITLEMENTS = MacCommitGenerator/MacCommitGenerator.entitlements;
				CODE_SIGN_STYLE = Automatic;
				COMBINE_HIDPI_IMAGES = YES;
				CURRENT_PROJECT_VERSION = 1;
				DEVELOPMENT_ASSET_PATHS = "\"MacCommitGenerator/Preview Content\"";
				DEVELOPMENT_TEAM = 44RS35G3C5;
				ENABLE_HARDENED_RUNTIME = YES;
				ENABLE_PREVIEWS = YES;
				GENERATE_INFOPLIST_FILE = YES;
				INFOPLIST_FILE = MacCommitGenerator/Info.plist;
				INFOPLIST_KEY_LSApplicationCategoryType = "public.app-category.developer-tools";
				INFOPLIST_KEY_NSHumanReadableCopyright = "";
				LD_RUNPATH_SEARCH_PATHS = (
					"$(inherited)",
					"@executable_path/../Frameworks",
				);
				MACOSX_DEPLOYMENT_TARGET = 11.0;
				MARKETING_VERSION = 1.0;
				PRODUCT_BUNDLE_IDENTIFIER = per.JongHo.MacCommitGenerator;
				PRODUCT_NAME = "$(TARGET_NAME)";
				SDKROOT = macosx;
				SWIFT_EMIT_LOC_STRINGS = YES;
				SWIFT_VERSION = 5.0;
			};
			name = Debug;
		};
		0000C94F27D1CF98005A7D4A /* Release */ = {
			isa = XCBuildConfiguration;
			baseConfigurationReference = 866BD78B89B40C34DEB60045 /* Pods-MacCommitGenerator.release.xcconfig */;
			buildSettings = {
				ASSETCATALOG_COMPILER_APPICON_NAME = AppIcon;
				ASSETCATALOG_COMPILER_GLOBAL_ACCENT_COLOR_NAME = AccentColor;
				ASSETCATALOG_COMPILER_INCLUDE_ALL_APPICON_ASSETS = YES;
				CODE_SIGN_ENTITLEMENTS = MacCommitGenerator/MacCommitGenerator.entitlements;
				CODE_SIGN_STYLE = Automatic;
				COMBINE_HIDPI_IMAGES = YES;
				CURRENT_PROJECT_VERSION = 1;
				DEVELOPMENT_ASSET_PATHS = "\"MacCommitGenerator/Preview Content\"";
				DEVELOPMENT_TEAM = 44RS35G3C5;
				ENABLE_HARDENED_RUNTIME = YES;
				ENABLE_PREVIEWS = YES;
				GENERATE_INFOPLIST_FILE = YES;
				INFOPLIST_FILE = MacCommitGenerator/Info.plist;
				INFOPLIST_KEY_LSApplicationCategoryType = "public.app-category.developer-tools";
				INFOPLIST_KEY_NSHumanReadableCopyright = "";
				LD_RUNPATH_SEARCH_PATHS = (
					"$(inherited)",
					"@executable_path/../Frameworks",
				);
				MACOSX_DEPLOYMENT_TARGET = 11.0;
				MARKETING_VERSION = 1.0;
				PRODUCT_BUNDLE_IDENTIFIER = per.JongHo.MacCommitGenerator;
				PRODUCT_NAME = "$(TARGET_NAME)";
				SDKROOT = macosx;
				SWIFT_EMIT_LOC_STRINGS = YES;
				SWIFT_VERSION = 5.0;
			};
			name = Release;
		};
		9388311127C8828900D22C6A /* Debug */ = {
			isa = XCBuildConfiguration;
			buildSettings = {
				ALWAYS_SEARCH_USER_PATHS = NO;
				CLANG_ANALYZER_NONNULL = YES;
				CLANG_ANALYZER_NUMBER_OBJECT_CONVERSION = YES_AGGRESSIVE;
				CLANG_CXX_LANGUAGE_STANDARD = "gnu++17";
				CLANG_CXX_LIBRARY = "libc++";
				CLANG_ENABLE_MODULES = YES;
				CLANG_ENABLE_OBJC_ARC = YES;
				CLANG_ENABLE_OBJC_WEAK = YES;
				CLANG_WARN_BLOCK_CAPTURE_AUTORELEASING = YES;
				CLANG_WARN_BOOL_CONVERSION = YES;
				CLANG_WARN_COMMA = YES;
				CLANG_WARN_CONSTANT_CONVERSION = YES;
				CLANG_WARN_DEPRECATED_OBJC_IMPLEMENTATIONS = YES;
				CLANG_WARN_DIRECT_OBJC_ISA_USAGE = YES_ERROR;
				CLANG_WARN_DOCUMENTATION_COMMENTS = YES;
				CLANG_WARN_EMPTY_BODY = YES;
				CLANG_WARN_ENUM_CONVERSION = YES;
				CLANG_WARN_INFINITE_RECURSION = YES;
				CLANG_WARN_INT_CONVERSION = YES;
				CLANG_WARN_NON_LITERAL_NULL_CONVERSION = YES;
				CLANG_WARN_OBJC_IMPLICIT_RETAIN_SELF = YES;
				CLANG_WARN_OBJC_LITERAL_CONVERSION = YES;
				CLANG_WARN_OBJC_ROOT_CLASS = YES_ERROR;
				CLANG_WARN_QUOTED_INCLUDE_IN_FRAMEWORK_HEADER = YES;
				CLANG_WARN_RANGE_LOOP_ANALYSIS = YES;
				CLANG_WARN_STRICT_PROTOTYPES = YES;
				CLANG_WARN_SUSPICIOUS_MOVE = YES;
				CLANG_WARN_UNGUARDED_AVAILABILITY = YES_AGGRESSIVE;
				CLANG_WARN_UNREACHABLE_CODE = YES;
				CLANG_WARN__DUPLICATE_METHOD_MATCH = YES;
				COPY_PHASE_STRIP = NO;
				DEBUG_INFORMATION_FORMAT = dwarf;
				ENABLE_STRICT_OBJC_MSGSEND = YES;
				ENABLE_TESTABILITY = YES;
				GCC_C_LANGUAGE_STANDARD = gnu11;
				GCC_DYNAMIC_NO_PIC = NO;
				GCC_NO_COMMON_BLOCKS = YES;
				GCC_OPTIMIZATION_LEVEL = 0;
				GCC_PREPROCESSOR_DEFINITIONS = (
					"DEBUG=1",
					"$(inherited)",
				);
				GCC_WARN_64_TO_32_BIT_CONVERSION = YES;
				GCC_WARN_ABOUT_RETURN_TYPE = YES_ERROR;
				GCC_WARN_UNDECLARED_SELECTOR = YES;
				GCC_WARN_UNINITIALIZED_AUTOS = YES_AGGRESSIVE;
				GCC_WARN_UNUSED_FUNCTION = YES;
				GCC_WARN_UNUSED_VARIABLE = YES;
				IPHONEOS_DEPLOYMENT_TARGET = 15.2;
				MTL_ENABLE_DEBUG_INFO = INCLUDE_SOURCE;
				MTL_FAST_MATH = YES;
				ONLY_ACTIVE_ARCH = YES;
				SDKROOT = iphoneos;
				SWIFT_ACTIVE_COMPILATION_CONDITIONS = DEBUG;
				SWIFT_OPTIMIZATION_LEVEL = "-Onone";
			};
			name = Debug;
		};
		9388311227C8828900D22C6A /* Release */ = {
			isa = XCBuildConfiguration;
			buildSettings = {
				ALWAYS_SEARCH_USER_PATHS = NO;
				CLANG_ANALYZER_NONNULL = YES;
				CLANG_ANALYZER_NUMBER_OBJECT_CONVERSION = YES_AGGRESSIVE;
				CLANG_CXX_LANGUAGE_STANDARD = "gnu++17";
				CLANG_CXX_LIBRARY = "libc++";
				CLANG_ENABLE_MODULES = YES;
				CLANG_ENABLE_OBJC_ARC = YES;
				CLANG_ENABLE_OBJC_WEAK = YES;
				CLANG_WARN_BLOCK_CAPTURE_AUTORELEASING = YES;
				CLANG_WARN_BOOL_CONVERSION = YES;
				CLANG_WARN_COMMA = YES;
				CLANG_WARN_CONSTANT_CONVERSION = YES;
				CLANG_WARN_DEPRECATED_OBJC_IMPLEMENTATIONS = YES;
				CLANG_WARN_DIRECT_OBJC_ISA_USAGE = YES_ERROR;
				CLANG_WARN_DOCUMENTATION_COMMENTS = YES;
				CLANG_WARN_EMPTY_BODY = YES;
				CLANG_WARN_ENUM_CONVERSION = YES;
				CLANG_WARN_INFINITE_RECURSION = YES;
				CLANG_WARN_INT_CONVERSION = YES;
				CLANG_WARN_NON_LITERAL_NULL_CONVERSION = YES;
				CLANG_WARN_OBJC_IMPLICIT_RETAIN_SELF = YES;
				CLANG_WARN_OBJC_LITERAL_CONVERSION = YES;
				CLANG_WARN_OBJC_ROOT_CLASS = YES_ERROR;
				CLANG_WARN_QUOTED_INCLUDE_IN_FRAMEWORK_HEADER = YES;
				CLANG_WARN_RANGE_LOOP_ANALYSIS = YES;
				CLANG_WARN_STRICT_PROTOTYPES = YES;
				CLANG_WARN_SUSPICIOUS_MOVE = YES;
				CLANG_WARN_UNGUARDED_AVAILABILITY = YES_AGGRESSIVE;
				CLANG_WARN_UNREACHABLE_CODE = YES;
				CLANG_WARN__DUPLICATE_METHOD_MATCH = YES;
				COPY_PHASE_STRIP = NO;
				DEBUG_INFORMATION_FORMAT = "dwarf-with-dsym";
				ENABLE_NS_ASSERTIONS = NO;
				ENABLE_STRICT_OBJC_MSGSEND = YES;
				GCC_C_LANGUAGE_STANDARD = gnu11;
				GCC_NO_COMMON_BLOCKS = YES;
				GCC_WARN_64_TO_32_BIT_CONVERSION = YES;
				GCC_WARN_ABOUT_RETURN_TYPE = YES_ERROR;
				GCC_WARN_UNDECLARED_SELECTOR = YES;
				GCC_WARN_UNINITIALIZED_AUTOS = YES_AGGRESSIVE;
				GCC_WARN_UNUSED_FUNCTION = YES;
				GCC_WARN_UNUSED_VARIABLE = YES;
				IPHONEOS_DEPLOYMENT_TARGET = 15.2;
				MTL_ENABLE_DEBUG_INFO = NO;
				MTL_FAST_MATH = YES;
				SDKROOT = iphoneos;
				SWIFT_COMPILATION_MODE = wholemodule;
				SWIFT_OPTIMIZATION_LEVEL = "-O";
				VALIDATE_PRODUCT = YES;
			};
			name = Release;
		};
		9388311427C8828900D22C6A /* Debug */ = {
			isa = XCBuildConfiguration;
			baseConfigurationReference = 88F3E203F560DBF144931957 /* Pods-CommitGenerator.debug.xcconfig */;
			buildSettings = {
				ALWAYS_EMBED_SWIFT_STANDARD_LIBRARIES = YES;
				ASSETCATALOG_COMPILER_APPICON_NAME = AppIcon;
				ASSETCATALOG_COMPILER_GLOBAL_ACCENT_COLOR_NAME = AccentColor;
				CODE_SIGN_ENTITLEMENTS = CommitGenerator/CommitGenerator.entitlements;
				CODE_SIGN_STYLE = Automatic;
				CURRENT_PROJECT_VERSION = 1;
				DEVELOPMENT_ASSET_PATHS = "\"CommitGenerator/Resources\"";
				DEVELOPMENT_TEAM = 44RS35G3C5;
				ENABLE_PREVIEWS = YES;
				GENERATE_INFOPLIST_FILE = YES;
				INFOPLIST_FILE = CommitGenerator/Info.plist;
				INFOPLIST_KEY_UIApplicationSceneManifest_Generation = YES;
				INFOPLIST_KEY_UIApplicationSupportsIndirectInputEvents = YES;
				INFOPLIST_KEY_UILaunchScreen_Generation = YES;
				INFOPLIST_KEY_UISupportedInterfaceOrientations_iPad = "UIInterfaceOrientationPortrait UIInterfaceOrientationPortraitUpsideDown UIInterfaceOrientationLandscapeLeft UIInterfaceOrientationLandscapeRight";
				INFOPLIST_KEY_UISupportedInterfaceOrientations_iPhone = "UIInterfaceOrientationPortrait UIInterfaceOrientationLandscapeLeft UIInterfaceOrientationLandscapeRight";
				IPHONEOS_DEPLOYMENT_TARGET = 15.0;
				LD_RUNPATH_SEARCH_PATHS = (
					"$(inherited)",
					"@executable_path/Frameworks",
				);
				MARKETING_VERSION = 1.0;
				OTHER_SWIFT_FLAGS = "$(inherited) -D COCOAPODS -Xfrontend -warn-long-expression-type-checking=100 -Xfrontend -warn-long-function-bodies=100";
				PRODUCT_BUNDLE_IDENTIFIER = per.JongHo.CommitGenerator;
				PRODUCT_NAME = "$(TARGET_NAME)";
				SWIFT_EMIT_LOC_STRINGS = YES;
				SWIFT_OPTIMIZATION_LEVEL = "-Onone";
				SWIFT_VERSION = 5.0;
				TARGETED_DEVICE_FAMILY = 1;
			};
			name = Debug;
		};
		9388311527C8828900D22C6A /* Release */ = {
			isa = XCBuildConfiguration;
			baseConfigurationReference = 601E2A26098ABCFF496F5E89 /* Pods-CommitGenerator.release.xcconfig */;
			buildSettings = {
				ALWAYS_EMBED_SWIFT_STANDARD_LIBRARIES = YES;
				ASSETCATALOG_COMPILER_APPICON_NAME = AppIcon;
				ASSETCATALOG_COMPILER_GLOBAL_ACCENT_COLOR_NAME = AccentColor;
				CODE_SIGN_ENTITLEMENTS = CommitGenerator/CommitGenerator.entitlements;
				CODE_SIGN_STYLE = Automatic;
				CURRENT_PROJECT_VERSION = 1;
				DEVELOPMENT_ASSET_PATHS = "\"CommitGenerator/Resources\"";
				DEVELOPMENT_TEAM = 44RS35G3C5;
				ENABLE_PREVIEWS = YES;
				GENERATE_INFOPLIST_FILE = YES;
				INFOPLIST_FILE = CommitGenerator/Info.plist;
				INFOPLIST_KEY_UIApplicationSceneManifest_Generation = YES;
				INFOPLIST_KEY_UIApplicationSupportsIndirectInputEvents = YES;
				INFOPLIST_KEY_UILaunchScreen_Generation = YES;
				INFOPLIST_KEY_UISupportedInterfaceOrientations_iPad = "UIInterfaceOrientationPortrait UIInterfaceOrientationPortraitUpsideDown UIInterfaceOrientationLandscapeLeft UIInterfaceOrientationLandscapeRight";
				INFOPLIST_KEY_UISupportedInterfaceOrientations_iPhone = "UIInterfaceOrientationPortrait UIInterfaceOrientationLandscapeLeft UIInterfaceOrientationLandscapeRight";
				IPHONEOS_DEPLOYMENT_TARGET = 15.0;
				LD_RUNPATH_SEARCH_PATHS = (
					"$(inherited)",
					"@executable_path/Frameworks",
				);
				MARKETING_VERSION = 1.0;
				PRODUCT_BUNDLE_IDENTIFIER = per.JongHo.CommitGenerator;
				PRODUCT_NAME = "$(TARGET_NAME)";
				SWIFT_EMIT_LOC_STRINGS = YES;
				SWIFT_OPTIMIZATION_LEVEL = "-O";
				SWIFT_VERSION = 5.0;
				TARGETED_DEVICE_FAMILY = 1;
			};
			name = Release;
		};
		9388311727C8828900D22C6A /* Debug */ = {
			isa = XCBuildConfiguration;
			baseConfigurationReference = 5C003D0B0C9D8A8E6A1A1A8F /* Pods-CommitGeneratorTests.debug.xcconfig */;
			buildSettings = {
				ALWAYS_EMBED_SWIFT_STANDARD_LIBRARIES = YES;
				BUNDLE_LOADER = "$(TEST_HOST)";
				CODE_SIGN_STYLE = Automatic;
				CURRENT_PROJECT_VERSION = 1;
				DEVELOPMENT_TEAM = 44RS35G3C5;
				GENERATE_INFOPLIST_FILE = YES;
				IPHONEOS_DEPLOYMENT_TARGET = 15.2;
				MARKETING_VERSION = 1.0;
				PRODUCT_BUNDLE_IDENTIFIER = per.JongHo.CommitGeneratorTests;
				PRODUCT_NAME = "$(TARGET_NAME)";
				SWIFT_EMIT_LOC_STRINGS = NO;
				SWIFT_VERSION = 5.0;
				TARGETED_DEVICE_FAMILY = "1,2";
				TEST_HOST = "$(BUILT_PRODUCTS_DIR)/CommitGenerator.app/CommitGenerator";
			};
			name = Debug;
		};
		9388311827C8828900D22C6A /* Release */ = {
			isa = XCBuildConfiguration;
			baseConfigurationReference = 319F74841EC1D012A3D62C49 /* Pods-CommitGeneratorTests.release.xcconfig */;
			buildSettings = {
				ALWAYS_EMBED_SWIFT_STANDARD_LIBRARIES = YES;
				BUNDLE_LOADER = "$(TEST_HOST)";
				CODE_SIGN_STYLE = Automatic;
				CURRENT_PROJECT_VERSION = 1;
				DEVELOPMENT_TEAM = 44RS35G3C5;
				GENERATE_INFOPLIST_FILE = YES;
				IPHONEOS_DEPLOYMENT_TARGET = 15.2;
				MARKETING_VERSION = 1.0;
				PRODUCT_BUNDLE_IDENTIFIER = per.JongHo.CommitGeneratorTests;
				PRODUCT_NAME = "$(TARGET_NAME)";
				SWIFT_EMIT_LOC_STRINGS = NO;
				SWIFT_VERSION = 5.0;
				TARGETED_DEVICE_FAMILY = "1,2";
				TEST_HOST = "$(BUILT_PRODUCTS_DIR)/CommitGenerator.app/CommitGenerator";
			};
			name = Release;
		};
		9388311A27C8828900D22C6A /* Debug */ = {
			isa = XCBuildConfiguration;
			baseConfigurationReference = D6A2BACE5ADEFBF4709D4C9D /* Pods-CommitGenerator-CommitGeneratorUITests.debug.xcconfig */;
			buildSettings = {
				ALWAYS_EMBED_SWIFT_STANDARD_LIBRARIES = YES;
				CODE_SIGN_STYLE = Automatic;
				CURRENT_PROJECT_VERSION = 1;
				DEVELOPMENT_TEAM = 44RS35G3C5;
				GENERATE_INFOPLIST_FILE = YES;
				MARKETING_VERSION = 1.0;
				PRODUCT_BUNDLE_IDENTIFIER = per.JongHo.CommitGeneratorUITests;
				PRODUCT_NAME = "$(TARGET_NAME)";
				SWIFT_EMIT_LOC_STRINGS = NO;
				SWIFT_VERSION = 5.0;
				TARGETED_DEVICE_FAMILY = "1,2";
				TEST_TARGET_NAME = CommitGenerator;
			};
			name = Debug;
		};
		9388311B27C8828900D22C6A /* Release */ = {
			isa = XCBuildConfiguration;
			baseConfigurationReference = 862C343D21BACCC78A08C529 /* Pods-CommitGenerator-CommitGeneratorUITests.release.xcconfig */;
			buildSettings = {
				ALWAYS_EMBED_SWIFT_STANDARD_LIBRARIES = YES;
				CODE_SIGN_STYLE = Automatic;
				CURRENT_PROJECT_VERSION = 1;
				DEVELOPMENT_TEAM = 44RS35G3C5;
				GENERATE_INFOPLIST_FILE = YES;
				MARKETING_VERSION = 1.0;
				PRODUCT_BUNDLE_IDENTIFIER = per.JongHo.CommitGeneratorUITests;
				PRODUCT_NAME = "$(TARGET_NAME)";
				SWIFT_EMIT_LOC_STRINGS = NO;
				SWIFT_VERSION = 5.0;
				TARGETED_DEVICE_FAMILY = "1,2";
				TEST_TARGET_NAME = CommitGenerator;
			};
			name = Release;
		};
		93CB946327D0CC0800140A0F /* Debug */ = {
			isa = XCBuildConfiguration;
			baseConfigurationReference = 68CFAFEAFB569F0E6EF18EED /* Pods-CommitGenerator-IssueWidgetExtension.debug.xcconfig */;
			buildSettings = {
				ASSETCATALOG_COMPILER_GLOBAL_ACCENT_COLOR_NAME = AccentColor;
				ASSETCATALOG_COMPILER_WIDGET_BACKGROUND_COLOR_NAME = WidgetBackground;
				CODE_SIGN_ENTITLEMENTS = IssueWidgetExtension.entitlements;
				CODE_SIGN_STYLE = Automatic;
				CURRENT_PROJECT_VERSION = 1;
				DEVELOPMENT_TEAM = 44RS35G3C5;
				GENERATE_INFOPLIST_FILE = YES;
				INFOPLIST_FILE = IssueWidget/Info.plist;
				INFOPLIST_KEY_CFBundleDisplayName = IssueWidget;
				INFOPLIST_KEY_NSHumanReadableCopyright = "";
				LD_RUNPATH_SEARCH_PATHS = (
					"$(inherited)",
					"@executable_path/Frameworks",
					"@executable_path/../../Frameworks",
				);
				MARKETING_VERSION = 1.0;
				PRODUCT_BUNDLE_IDENTIFIER = per.JongHo.CommitGenerator.IssueWidget;
				PRODUCT_NAME = "$(TARGET_NAME)";
				SKIP_INSTALL = YES;
				SWIFT_EMIT_LOC_STRINGS = YES;
				SWIFT_VERSION = 5.0;
				TARGETED_DEVICE_FAMILY = "1,2";
			};
			name = Debug;
		};
		93CB946427D0CC0800140A0F /* Release */ = {
			isa = XCBuildConfiguration;
			baseConfigurationReference = 31FF32EBE795BE673DC8E315 /* Pods-CommitGenerator-IssueWidgetExtension.release.xcconfig */;
			buildSettings = {
				ASSETCATALOG_COMPILER_GLOBAL_ACCENT_COLOR_NAME = AccentColor;
				ASSETCATALOG_COMPILER_WIDGET_BACKGROUND_COLOR_NAME = WidgetBackground;
				CODE_SIGN_ENTITLEMENTS = IssueWidgetExtension.entitlements;
				CODE_SIGN_STYLE = Automatic;
				CURRENT_PROJECT_VERSION = 1;
				DEVELOPMENT_TEAM = 44RS35G3C5;
				GENERATE_INFOPLIST_FILE = YES;
				INFOPLIST_FILE = IssueWidget/Info.plist;
				INFOPLIST_KEY_CFBundleDisplayName = IssueWidget;
				INFOPLIST_KEY_NSHumanReadableCopyright = "";
				LD_RUNPATH_SEARCH_PATHS = (
					"$(inherited)",
					"@executable_path/Frameworks",
					"@executable_path/../../Frameworks",
				);
				MARKETING_VERSION = 1.0;
				PRODUCT_BUNDLE_IDENTIFIER = per.JongHo.CommitGenerator.IssueWidget;
				PRODUCT_NAME = "$(TARGET_NAME)";
				SKIP_INSTALL = YES;
				SWIFT_EMIT_LOC_STRINGS = YES;
				SWIFT_VERSION = 5.0;
				TARGETED_DEVICE_FAMILY = "1,2";
			};
			name = Release;
		};
/* End XCBuildConfiguration section */

/* Begin XCConfigurationList section */
		0000C95027D1CF98005A7D4A /* Build configuration list for PBXNativeTarget "MacCommitGenerator" */ = {
			isa = XCConfigurationList;
			buildConfigurations = (
				0000C94E27D1CF98005A7D4A /* Debug */,
				0000C94F27D1CF98005A7D4A /* Release */,
			);
			defaultConfigurationIsVisible = 0;
			defaultConfigurationName = Release;
		};
		938830EA27C8828800D22C6A /* Build configuration list for PBXProject "CommitGenerator" */ = {
			isa = XCConfigurationList;
			buildConfigurations = (
				9388311127C8828900D22C6A /* Debug */,
				9388311227C8828900D22C6A /* Release */,
			);
			defaultConfigurationIsVisible = 0;
			defaultConfigurationName = Release;
		};
		9388311327C8828900D22C6A /* Build configuration list for PBXNativeTarget "CommitGenerator" */ = {
			isa = XCConfigurationList;
			buildConfigurations = (
				9388311427C8828900D22C6A /* Debug */,
				9388311527C8828900D22C6A /* Release */,
			);
			defaultConfigurationIsVisible = 0;
			defaultConfigurationName = Release;
		};
		9388311627C8828900D22C6A /* Build configuration list for PBXNativeTarget "CommitGeneratorTests" */ = {
			isa = XCConfigurationList;
			buildConfigurations = (
				9388311727C8828900D22C6A /* Debug */,
				9388311827C8828900D22C6A /* Release */,
			);
			defaultConfigurationIsVisible = 0;
			defaultConfigurationName = Release;
		};
		9388311927C8828900D22C6A /* Build configuration list for PBXNativeTarget "CommitGeneratorUITests" */ = {
			isa = XCConfigurationList;
			buildConfigurations = (
				9388311A27C8828900D22C6A /* Debug */,
				9388311B27C8828900D22C6A /* Release */,
			);
			defaultConfigurationIsVisible = 0;
			defaultConfigurationName = Release;
		};
		93CB946227D0CC0800140A0F /* Build configuration list for PBXNativeTarget "IssueWidgetExtension" */ = {
			isa = XCConfigurationList;
			buildConfigurations = (
				93CB946327D0CC0800140A0F /* Debug */,
				93CB946427D0CC0800140A0F /* Release */,
			);
			defaultConfigurationIsVisible = 0;
			defaultConfigurationName = Release;
		};
/* End XCConfigurationList section */

/* Begin XCVersionGroup section */
		9321899D27C9BB5E007472FD /* Database.xcdatamodeld */ = {
			isa = XCVersionGroup;
			children = (
				9321899E27C9BB5E007472FD /* Database.xcdatamodel */,
			);
			currentVersion = 9321899E27C9BB5E007472FD /* Database.xcdatamodel */;
			path = Database.xcdatamodeld;
			sourceTree = "<group>";
			versionGroupType = wrapper.xcdatamodel;
		};
/* End XCVersionGroup section */
	};
	rootObject = 938830E727C8828800D22C6A /* Project object */;
}
