// !$*UTF8*$!
{
	archiveVersion = 1;
	classes = {
	};
	objectVersion = 55;
	objects = {

/* Begin PBXBuildFile section */
		9321899F27C9BB5E007472FD /* Database.xcdatamodeld in Sources */ = {isa = PBXBuildFile; fileRef = 9321899D27C9BB5E007472FD /* Database.xcdatamodeld */; };
		932189A127C9DB36007472FD /* MockedData.swift in Sources */ = {isa = PBXBuildFile; fileRef = 932189A027C9DB36007472FD /* MockedData.swift */; };
		932189A327C9DE20007472FD /* TextField.swift in Sources */ = {isa = PBXBuildFile; fileRef = 932189A227C9DE20007472FD /* TextField.swift */; };
		932D888827C8DC080072B896 /* TagSelector.swift in Sources */ = {isa = PBXBuildFile; fileRef = 932D888727C8DC080072B896 /* TagSelector.swift */; };
		932D888B27C8DECA0072B896 /* TagList.swift in Sources */ = {isa = PBXBuildFile; fileRef = 932D888A27C8DECA0072B896 /* TagList.swift */; };
		932D888D27C8E0F80072B896 /* TagRow.swift in Sources */ = {isa = PBXBuildFile; fileRef = 932D888C27C8E0F80072B896 /* TagRow.swift */; };
		9351EF9127CC5E4000AF6F25 /* CommitViewModel.swift in Sources */ = {isa = PBXBuildFile; fileRef = 9351EF9027CC5E4000AF6F25 /* CommitViewModel.swift */; };
		9351EF9327CC612F00AF6F25 /* IssueType.swift in Sources */ = {isa = PBXBuildFile; fileRef = 9351EF9227CC612F00AF6F25 /* IssueType.swift */; };
		9351EF9627CC61D300AF6F25 /* Issue.swift in Sources */ = {isa = PBXBuildFile; fileRef = 9351EF9527CC61D300AF6F25 /* Issue.swift */; };
		9351EF9927CC693F00AF6F25 /* IssuePicker.swift in Sources */ = {isa = PBXBuildFile; fileRef = 9351EF9827CC693F00AF6F25 /* IssuePicker.swift */; };
		9351EF9C27CC6D1300AF6F25 /* CommitValidator.swift in Sources */ = {isa = PBXBuildFile; fileRef = 9351EF9B27CC6D1300AF6F25 /* CommitValidator.swift */; };
		9351EF9E27CC6E2800AF6F25 /* CopyType.swift in Sources */ = {isa = PBXBuildFile; fileRef = 9351EF9D27CC6E2800AF6F25 /* CopyType.swift */; };
		9351EFA027CC6E8E00AF6F25 /* CommitWriter.swift in Sources */ = {isa = PBXBuildFile; fileRef = 9351EF9F27CC6E8E00AF6F25 /* CommitWriter.swift */; };
		9361E8EB27C8943B007B8740 /* Button.swift in Sources */ = {isa = PBXBuildFile; fileRef = 9361E8EA27C8943B007B8740 /* Button.swift */; };
		93845B9927C9FF3A00951A57 /* TextEditor.swift in Sources */ = {isa = PBXBuildFile; fileRef = 93845B9827C9FF3A00951A57 /* TextEditor.swift */; };
		93845B9B27CA002F00951A57 /* EditorType.swift in Sources */ = {isa = PBXBuildFile; fileRef = 93845B9A27CA002F00951A57 /* EditorType.swift */; };
		93845B9E27CA25C100951A57 /* MockedModel.swift in Sources */ = {isa = PBXBuildFile; fileRef = 93845B9D27CA25C100951A57 /* MockedModel.swift */; };
		938830F327C8828800D22C6A /* CommitGeneratorApp.swift in Sources */ = {isa = PBXBuildFile; fileRef = 938830F227C8828800D22C6A /* CommitGeneratorApp.swift */; };
		938830F527C8828800D22C6A /* CommitWriteHost.swift in Sources */ = {isa = PBXBuildFile; fileRef = 938830F427C8828800D22C6A /* CommitWriteHost.swift */; };
		938830F727C8828900D22C6A /* Assets.xcassets in Resources */ = {isa = PBXBuildFile; fileRef = 938830F627C8828900D22C6A /* Assets.xcassets */; };
		938830FA27C8828900D22C6A /* Preview Assets.xcassets in Resources */ = {isa = PBXBuildFile; fileRef = 938830F927C8828900D22C6A /* Preview Assets.xcassets */; };
		9388310427C8828900D22C6A /* CommitGeneratorTests.swift in Sources */ = {isa = PBXBuildFile; fileRef = 9388310327C8828900D22C6A /* CommitGeneratorTests.swift */; };
		9388310E27C8828900D22C6A /* CommitGeneratorUITests.swift in Sources */ = {isa = PBXBuildFile; fileRef = 9388310D27C8828900D22C6A /* CommitGeneratorUITests.swift */; };
		9388311027C8828900D22C6A /* CommitGeneratorUITestsLaunchTests.swift in Sources */ = {isa = PBXBuildFile; fileRef = 9388310F27C8828900D22C6A /* CommitGeneratorUITestsLaunchTests.swift */; };
		9388312227C8903000D22C6A /* Color.swift in Sources */ = {isa = PBXBuildFile; fileRef = 9388312127C8903000D22C6A /* Color.swift */; };
		93B7ADDD27CA3D1800A1EF24 /* ViewExtension.swift in Sources */ = {isa = PBXBuildFile; fileRef = 93B7ADDC27CA3D1800A1EF24 /* ViewExtension.swift */; };
		93B7ADE027CA46E800A1EF24 /* IssueItem.swift in Sources */ = {isa = PBXBuildFile; fileRef = 93B7ADDF27CA46E800A1EF24 /* IssueItem.swift */; };
		93B7ADE227CA482C00A1EF24 /* IssueList.swift in Sources */ = {isa = PBXBuildFile; fileRef = 93B7ADE127CA482C00A1EF24 /* IssueList.swift */; };
		93B7ADE427CA4FC600A1EF24 /* TabView.swift in Sources */ = {isa = PBXBuildFile; fileRef = 93B7ADE327CA4FC600A1EF24 /* TabView.swift */; };
		93E8105627C9B639008B423A /* PersistenceController.swift in Sources */ = {isa = PBXBuildFile; fileRef = 93E8105527C9B639008B423A /* PersistenceController.swift */; };
/* End PBXBuildFile section */

/* Begin PBXContainerItemProxy section */
		9388310027C8828900D22C6A /* PBXContainerItemProxy */ = {
			isa = PBXContainerItemProxy;
			containerPortal = 938830E727C8828800D22C6A /* Project object */;
			proxyType = 1;
			remoteGlobalIDString = 938830EE27C8828800D22C6A;
			remoteInfo = CommitGenerator;
		};
		9388310A27C8828900D22C6A /* PBXContainerItemProxy */ = {
			isa = PBXContainerItemProxy;
			containerPortal = 938830E727C8828800D22C6A /* Project object */;
			proxyType = 1;
			remoteGlobalIDString = 938830EE27C8828800D22C6A;
			remoteInfo = CommitGenerator;
		};
/* End PBXContainerItemProxy section */

/* Begin PBXFileReference section */
		9321899E27C9BB5E007472FD /* Database.xcdatamodel */ = {isa = PBXFileReference; lastKnownFileType = wrapper.xcdatamodel; path = Database.xcdatamodel; sourceTree = "<group>"; };
		932189A027C9DB36007472FD /* MockedData.swift */ = {isa = PBXFileReference; lastKnownFileType = sourcecode.swift; path = MockedData.swift; sourceTree = "<group>"; };
		932189A227C9DE20007472FD /* TextField.swift */ = {isa = PBXFileReference; lastKnownFileType = sourcecode.swift; path = TextField.swift; sourceTree = "<group>"; };
		932D888727C8DC080072B896 /* TagSelector.swift */ = {isa = PBXFileReference; lastKnownFileType = sourcecode.swift; path = TagSelector.swift; sourceTree = "<group>"; };
		932D888A27C8DECA0072B896 /* TagList.swift */ = {isa = PBXFileReference; lastKnownFileType = sourcecode.swift; path = TagList.swift; sourceTree = "<group>"; };
		932D888C27C8E0F80072B896 /* TagRow.swift */ = {isa = PBXFileReference; lastKnownFileType = sourcecode.swift; path = TagRow.swift; sourceTree = "<group>"; };
		9351EF9027CC5E4000AF6F25 /* CommitViewModel.swift */ = {isa = PBXFileReference; lastKnownFileType = sourcecode.swift; path = CommitViewModel.swift; sourceTree = "<group>"; };
		9351EF9227CC612F00AF6F25 /* IssueType.swift */ = {isa = PBXFileReference; lastKnownFileType = sourcecode.swift; path = IssueType.swift; sourceTree = "<group>"; };
		9351EF9527CC61D300AF6F25 /* Issue.swift */ = {isa = PBXFileReference; lastKnownFileType = sourcecode.swift; path = Issue.swift; sourceTree = "<group>"; };
		9351EF9827CC693F00AF6F25 /* IssuePicker.swift */ = {isa = PBXFileReference; lastKnownFileType = sourcecode.swift; path = IssuePicker.swift; sourceTree = "<group>"; };
		9351EF9B27CC6D1300AF6F25 /* CommitValidator.swift */ = {isa = PBXFileReference; lastKnownFileType = sourcecode.swift; path = CommitValidator.swift; sourceTree = "<group>"; };
		9351EF9D27CC6E2800AF6F25 /* CopyType.swift */ = {isa = PBXFileReference; lastKnownFileType = sourcecode.swift; path = CopyType.swift; sourceTree = "<group>"; };
		9351EF9F27CC6E8E00AF6F25 /* CommitWriter.swift */ = {isa = PBXFileReference; lastKnownFileType = sourcecode.swift; path = CommitWriter.swift; sourceTree = "<group>"; };
		9361E8EA27C8943B007B8740 /* Button.swift */ = {isa = PBXFileReference; lastKnownFileType = sourcecode.swift; path = Button.swift; sourceTree = "<group>"; };
		93845B9827C9FF3A00951A57 /* TextEditor.swift */ = {isa = PBXFileReference; lastKnownFileType = sourcecode.swift; path = TextEditor.swift; sourceTree = "<group>"; };
		93845B9A27CA002F00951A57 /* EditorType.swift */ = {isa = PBXFileReference; lastKnownFileType = sourcecode.swift; path = EditorType.swift; sourceTree = "<group>"; };
		93845B9D27CA25C100951A57 /* MockedModel.swift */ = {isa = PBXFileReference; lastKnownFileType = sourcecode.swift; path = MockedModel.swift; sourceTree = "<group>"; };
		938830EF27C8828800D22C6A /* CommitGenerator.app */ = {isa = PBXFileReference; explicitFileType = wrapper.application; includeInIndex = 0; path = CommitGenerator.app; sourceTree = BUILT_PRODUCTS_DIR; };
		938830F227C8828800D22C6A /* CommitGeneratorApp.swift */ = {isa = PBXFileReference; lastKnownFileType = sourcecode.swift; path = CommitGeneratorApp.swift; sourceTree = "<group>"; };
		938830F427C8828800D22C6A /* CommitWriteHost.swift */ = {isa = PBXFileReference; lastKnownFileType = sourcecode.swift; path = CommitWriteHost.swift; sourceTree = "<group>"; };
		938830F627C8828900D22C6A /* Assets.xcassets */ = {isa = PBXFileReference; lastKnownFileType = folder.assetcatalog; path = Assets.xcassets; sourceTree = "<group>"; };
		938830F927C8828900D22C6A /* Preview Assets.xcassets */ = {isa = PBXFileReference; lastKnownFileType = folder.assetcatalog; path = "Preview Assets.xcassets"; sourceTree = "<group>"; };
		938830FF27C8828900D22C6A /* CommitGeneratorTests.xctest */ = {isa = PBXFileReference; explicitFileType = wrapper.cfbundle; includeInIndex = 0; path = CommitGeneratorTests.xctest; sourceTree = BUILT_PRODUCTS_DIR; };
		9388310327C8828900D22C6A /* CommitGeneratorTests.swift */ = {isa = PBXFileReference; lastKnownFileType = sourcecode.swift; path = CommitGeneratorTests.swift; sourceTree = "<group>"; };
		9388310927C8828900D22C6A /* CommitGeneratorUITests.xctest */ = {isa = PBXFileReference; explicitFileType = wrapper.cfbundle; includeInIndex = 0; path = CommitGeneratorUITests.xctest; sourceTree = BUILT_PRODUCTS_DIR; };
		9388310D27C8828900D22C6A /* CommitGeneratorUITests.swift */ = {isa = PBXFileReference; lastKnownFileType = sourcecode.swift; path = CommitGeneratorUITests.swift; sourceTree = "<group>"; };
		9388310F27C8828900D22C6A /* CommitGeneratorUITestsLaunchTests.swift */ = {isa = PBXFileReference; lastKnownFileType = sourcecode.swift; path = CommitGeneratorUITestsLaunchTests.swift; sourceTree = "<group>"; };
		9388312127C8903000D22C6A /* Color.swift */ = {isa = PBXFileReference; lastKnownFileType = sourcecode.swift; path = Color.swift; sourceTree = "<group>"; };
		93B7ADDC27CA3D1800A1EF24 /* ViewExtension.swift */ = {isa = PBXFileReference; lastKnownFileType = sourcecode.swift; path = ViewExtension.swift; sourceTree = "<group>"; };
		93B7ADDF27CA46E800A1EF24 /* IssueItem.swift */ = {isa = PBXFileReference; lastKnownFileType = sourcecode.swift; path = IssueItem.swift; sourceTree = "<group>"; };
		93B7ADE127CA482C00A1EF24 /* IssueList.swift */ = {isa = PBXFileReference; lastKnownFileType = sourcecode.swift; path = IssueList.swift; sourceTree = "<group>"; };
		93B7ADE327CA4FC600A1EF24 /* TabView.swift */ = {isa = PBXFileReference; lastKnownFileType = sourcecode.swift; path = TabView.swift; sourceTree = "<group>"; };
		93E8105527C9B639008B423A /* PersistenceController.swift */ = {isa = PBXFileReference; lastKnownFileType = sourcecode.swift; path = PersistenceController.swift; sourceTree = "<group>"; };
/* End PBXFileReference section */

/* Begin PBXFrameworksBuildPhase section */
		938830EC27C8828800D22C6A /* Frameworks */ = {
			isa = PBXFrameworksBuildPhase;
			buildActionMask = 2147483647;
			files = (
			);
			runOnlyForDeploymentPostprocessing = 0;
		};
		938830FC27C8828900D22C6A /* Frameworks */ = {
			isa = PBXFrameworksBuildPhase;
			buildActionMask = 2147483647;
			files = (
			);
			runOnlyForDeploymentPostprocessing = 0;
		};
		9388310627C8828900D22C6A /* Frameworks */ = {
			isa = PBXFrameworksBuildPhase;
			buildActionMask = 2147483647;
			files = (
			);
			runOnlyForDeploymentPostprocessing = 0;
		};
/* End PBXFrameworksBuildPhase section */

/* Begin PBXGroup section */
		932D888927C8DEBA0072B896 /* Tag */ = {
			isa = PBXGroup;
			children = (
				932D888727C8DC080072B896 /* TagSelector.swift */,
				932D888A27C8DECA0072B896 /* TagList.swift */,
				932D888C27C8E0F80072B896 /* TagRow.swift */,
			);
			path = Tag;
			sourceTree = "<group>";
		};
		9351EF8F27CC5E2C00AF6F25 /* Commit */ = {
			isa = PBXGroup;
			children = (
				938830F427C8828800D22C6A /* CommitWriteHost.swift */,
				9351EF9027CC5E4000AF6F25 /* CommitViewModel.swift */,
			);
			path = Commit;
			sourceTree = "<group>";
		};
		9351EF9427CC61C900AF6F25 /* Issue */ = {
			isa = PBXGroup;
			children = (
				9351EF9227CC612F00AF6F25 /* IssueType.swift */,
				9351EF9527CC61D300AF6F25 /* Issue.swift */,
			);
			path = Issue;
			sourceTree = "<group>";
		};
		9351EF9A27CC6D0B00AF6F25 /* Commit */ = {
			isa = PBXGroup;
			children = (
				9351EF9B27CC6D1300AF6F25 /* CommitValidator.swift */,
				9351EF9D27CC6E2800AF6F25 /* CopyType.swift */,
				9351EF9F27CC6E8E00AF6F25 /* CommitWriter.swift */,
			);
			path = Commit;
			sourceTree = "<group>";
		};
		9361E8E927C89434007B8740 /* Helpers */ = {
			isa = PBXGroup;
			children = (
				9361E8EA27C8943B007B8740 /* Button.swift */,
				932189A227C9DE20007472FD /* TextField.swift */,
				93845B9827C9FF3A00951A57 /* TextEditor.swift */,
			);
			path = Helpers;
			sourceTree = "<group>";
		};
		93845B9C27CA00AA00951A57 /* Const */ = {
			isa = PBXGroup;
			children = (
			);
			path = Const;
			sourceTree = "<group>";
		};
		938830E627C8828800D22C6A = {
			isa = PBXGroup;
			children = (
				938830F127C8828800D22C6A /* CommitGenerator */,
				9388310227C8828900D22C6A /* CommitGeneratorTests */,
				9388310C27C8828900D22C6A /* CommitGeneratorUITests */,
				938830F027C8828800D22C6A /* Products */,
			);
			sourceTree = "<group>";
		};
		938830F027C8828800D22C6A /* Products */ = {
			isa = PBXGroup;
			children = (
				938830EF27C8828800D22C6A /* CommitGenerator.app */,
				938830FF27C8828900D22C6A /* CommitGeneratorTests.xctest */,
				9388310927C8828900D22C6A /* CommitGeneratorUITests.xctest */,
			);
			name = Products;
			sourceTree = "<group>";
		};
		938830F127C8828800D22C6A /* CommitGenerator */ = {
			isa = PBXGroup;
			children = (
				93845B9C27CA00AA00951A57 /* Const */,
				93E8105127C9B4E6008B423A /* CoreData */,
				9388311E27C88F0D00D22C6A /* Model */,
				9388311D27C88F0800D22C6A /* View */,
				9388311C27C88EC000D22C6A /* Resources */,
				938830F227C8828800D22C6A /* CommitGeneratorApp.swift */,
			);
			path = CommitGenerator;
			sourceTree = "<group>";
		};
		9388310227C8828900D22C6A /* CommitGeneratorTests */ = {
			isa = PBXGroup;
			children = (
				9388310327C8828900D22C6A /* CommitGeneratorTests.swift */,
			);
			path = CommitGeneratorTests;
			sourceTree = "<group>";
		};
		9388310C27C8828900D22C6A /* CommitGeneratorUITests */ = {
			isa = PBXGroup;
			children = (
				9388310D27C8828900D22C6A /* CommitGeneratorUITests.swift */,
				9388310F27C8828900D22C6A /* CommitGeneratorUITestsLaunchTests.swift */,
			);
			path = CommitGeneratorUITests;
			sourceTree = "<group>";
		};
		9388311C27C88EC000D22C6A /* Resources */ = {
			isa = PBXGroup;
			children = (
				938830F627C8828900D22C6A /* Assets.xcassets */,
				938830F927C8828900D22C6A /* Preview Assets.xcassets */,
				9388312127C8903000D22C6A /* Color.swift */,
			);
			path = Resources;
			sourceTree = "<group>";
		};
		9388311D27C88F0800D22C6A /* View */ = {
			isa = PBXGroup;
			children = (
				9351EF8F27CC5E2C00AF6F25 /* Commit */,
				93B7ADDE27CA46DC00A1EF24 /* Issue */,
				932D888927C8DEBA0072B896 /* Tag */,
				9361E8E927C89434007B8740 /* Helpers */,
				9388311F27C88F1700D22C6A /* Setting */,
				93B7ADDC27CA3D1800A1EF24 /* ViewExtension.swift */,
				93B7ADE327CA4FC600A1EF24 /* TabView.swift */,
			);
			path = View;
			sourceTree = "<group>";
		};
		9388311E27C88F0D00D22C6A /* Model */ = {
			isa = PBXGroup;
			children = (
				9351EF9A27CC6D0B00AF6F25 /* Commit */,
				9351EF9427CC61C900AF6F25 /* Issue */,
				93845B9A27CA002F00951A57 /* EditorType.swift */,
				93845B9D27CA25C100951A57 /* MockedModel.swift */,
			);
			path = Model;
			sourceTree = "<group>";
		};
		9388311F27C88F1700D22C6A /* Setting */ = {
			isa = PBXGroup;
			children = (
			);
			path = Setting;
			sourceTree = "<group>";
		};
		93B7ADDE27CA46DC00A1EF24 /* Issue */ = {
			isa = PBXGroup;
			children = (
				93B7ADDF27CA46E800A1EF24 /* IssueItem.swift */,
				93B7ADE127CA482C00A1EF24 /* IssueList.swift */,
				9351EF9827CC693F00AF6F25 /* IssuePicker.swift */,
			);
			path = Issue;
			sourceTree = "<group>";
		};
		93E8105127C9B4E6008B423A /* CoreData */ = {
			isa = PBXGroup;
			children = (
				9321899D27C9BB5E007472FD /* Database.xcdatamodeld */,
				93E8105527C9B639008B423A /* PersistenceController.swift */,
				932189A027C9DB36007472FD /* MockedData.swift */,
			);
			path = CoreData;
			sourceTree = "<group>";
		};
/* End PBXGroup section */

/* Begin PBXNativeTarget section */
		938830EE27C8828800D22C6A /* CommitGenerator */ = {
			isa = PBXNativeTarget;
			buildConfigurationList = 9388311327C8828900D22C6A /* Build configuration list for PBXNativeTarget "CommitGenerator" */;
			buildPhases = (
				938830EB27C8828800D22C6A /* Sources */,
				938830EC27C8828800D22C6A /* Frameworks */,
				938830ED27C8828800D22C6A /* Resources */,
			);
			buildRules = (
			);
			dependencies = (
			);
			name = CommitGenerator;
			productName = CommitGenerator;
			productReference = 938830EF27C8828800D22C6A /* CommitGenerator.app */;
			productType = "com.apple.product-type.application";
		};
		938830FE27C8828900D22C6A /* CommitGeneratorTests */ = {
			isa = PBXNativeTarget;
			buildConfigurationList = 9388311627C8828900D22C6A /* Build configuration list for PBXNativeTarget "CommitGeneratorTests" */;
			buildPhases = (
				938830FB27C8828900D22C6A /* Sources */,
				938830FC27C8828900D22C6A /* Frameworks */,
				938830FD27C8828900D22C6A /* Resources */,
			);
			buildRules = (
			);
			dependencies = (
				9388310127C8828900D22C6A /* PBXTargetDependency */,
			);
			name = CommitGeneratorTests;
			productName = CommitGeneratorTests;
			productReference = 938830FF27C8828900D22C6A /* CommitGeneratorTests.xctest */;
			productType = "com.apple.product-type.bundle.unit-test";
		};
		9388310827C8828900D22C6A /* CommitGeneratorUITests */ = {
			isa = PBXNativeTarget;
			buildConfigurationList = 9388311927C8828900D22C6A /* Build configuration list for PBXNativeTarget "CommitGeneratorUITests" */;
			buildPhases = (
				9388310527C8828900D22C6A /* Sources */,
				9388310627C8828900D22C6A /* Frameworks */,
				9388310727C8828900D22C6A /* Resources */,
			);
			buildRules = (
			);
			dependencies = (
				9388310B27C8828900D22C6A /* PBXTargetDependency */,
			);
			name = CommitGeneratorUITests;
			productName = CommitGeneratorUITests;
			productReference = 9388310927C8828900D22C6A /* CommitGeneratorUITests.xctest */;
			productType = "com.apple.product-type.bundle.ui-testing";
		};
/* End PBXNativeTarget section */

/* Begin PBXProject section */
		938830E727C8828800D22C6A /* Project object */ = {
			isa = PBXProject;
			attributes = {
				BuildIndependentTargetsInParallel = 1;
				LastSwiftUpdateCheck = 1320;
				LastUpgradeCheck = 1320;
				TargetAttributes = {
					938830EE27C8828800D22C6A = {
						CreatedOnToolsVersion = 13.2.1;
					};
					938830FE27C8828900D22C6A = {
						CreatedOnToolsVersion = 13.2.1;
						TestTargetID = 938830EE27C8828800D22C6A;
					};
					9388310827C8828900D22C6A = {
						CreatedOnToolsVersion = 13.2.1;
						TestTargetID = 938830EE27C8828800D22C6A;
					};
				};
			};
			buildConfigurationList = 938830EA27C8828800D22C6A /* Build configuration list for PBXProject "CommitGenerator" */;
			compatibilityVersion = "Xcode 13.0";
			developmentRegion = en;
			hasScannedForEncodings = 0;
			knownRegions = (
				en,
				Base,
			);
			mainGroup = 938830E627C8828800D22C6A;
			productRefGroup = 938830F027C8828800D22C6A /* Products */;
			projectDirPath = "";
			projectRoot = "";
			targets = (
				938830EE27C8828800D22C6A /* CommitGenerator */,
				938830FE27C8828900D22C6A /* CommitGeneratorTests */,
				9388310827C8828900D22C6A /* CommitGeneratorUITests */,
			);
		};
/* End PBXProject section */

/* Begin PBXResourcesBuildPhase section */
		938830ED27C8828800D22C6A /* Resources */ = {
			isa = PBXResourcesBuildPhase;
			buildActionMask = 2147483647;
			files = (
				938830FA27C8828900D22C6A /* Preview Assets.xcassets in Resources */,
				938830F727C8828900D22C6A /* Assets.xcassets in Resources */,
			);
			runOnlyForDeploymentPostprocessing = 0;
		};
		938830FD27C8828900D22C6A /* Resources */ = {
			isa = PBXResourcesBuildPhase;
			buildActionMask = 2147483647;
			files = (
			);
			runOnlyForDeploymentPostprocessing = 0;
		};
		9388310727C8828900D22C6A /* Resources */ = {
			isa = PBXResourcesBuildPhase;
			buildActionMask = 2147483647;
			files = (
			);
			runOnlyForDeploymentPostprocessing = 0;
		};
/* End PBXResourcesBuildPhase section */

/* Begin PBXSourcesBuildPhase section */
		938830EB27C8828800D22C6A /* Sources */ = {
			isa = PBXSourcesBuildPhase;
			buildActionMask = 2147483647;
			files = (
				9351EF9127CC5E4000AF6F25 /* CommitViewModel.swift in Sources */,
				932189A127C9DB36007472FD /* MockedData.swift in Sources */,
				9351EFA027CC6E8E00AF6F25 /* CommitWriter.swift in Sources */,
				93B7ADE227CA482C00A1EF24 /* IssueList.swift in Sources */,
				932189A327C9DE20007472FD /* TextField.swift in Sources */,
				93B7ADE027CA46E800A1EF24 /* IssueItem.swift in Sources */,
				93E8105627C9B639008B423A /* PersistenceController.swift in Sources */,
				9351EF9E27CC6E2800AF6F25 /* CopyType.swift in Sources */,
				932D888B27C8DECA0072B896 /* TagList.swift in Sources */,
				938830F527C8828800D22C6A /* CommitWriteHost.swift in Sources */,
				9351EF9627CC61D300AF6F25 /* Issue.swift in Sources */,
				9351EF9C27CC6D1300AF6F25 /* CommitValidator.swift in Sources */,
				932D888D27C8E0F80072B896 /* TagRow.swift in Sources */,
				9351EF9327CC612F00AF6F25 /* IssueType.swift in Sources */,
				9321899F27C9BB5E007472FD /* Database.xcdatamodeld in Sources */,
				93845B9927C9FF3A00951A57 /* TextEditor.swift in Sources */,
				938830F327C8828800D22C6A /* CommitGeneratorApp.swift in Sources */,
				93B7ADDD27CA3D1800A1EF24 /* ViewExtension.swift in Sources */,
				9351EF9927CC693F00AF6F25 /* IssuePicker.swift in Sources */,
				9388312227C8903000D22C6A /* Color.swift in Sources */,
				93845B9B27CA002F00951A57 /* EditorType.swift in Sources */,
				9361E8EB27C8943B007B8740 /* Button.swift in Sources */,
				93845B9E27CA25C100951A57 /* MockedModel.swift in Sources */,
				93B7ADE427CA4FC600A1EF24 /* TabView.swift in Sources */,
				932D888827C8DC080072B896 /* TagSelector.swift in Sources */,
			);
			runOnlyForDeploymentPostprocessing = 0;
		};
		938830FB27C8828900D22C6A /* Sources */ = {
			isa = PBXSourcesBuildPhase;
			buildActionMask = 2147483647;
			files = (
				9388310427C8828900D22C6A /* CommitGeneratorTests.swift in Sources */,
			);
			runOnlyForDeploymentPostprocessing = 0;
		};
		9388310527C8828900D22C6A /* Sources */ = {
			isa = PBXSourcesBuildPhase;
			buildActionMask = 2147483647;
			files = (
				9388310E27C8828900D22C6A /* CommitGeneratorUITests.swift in Sources */,
				9388311027C8828900D22C6A /* CommitGeneratorUITestsLaunchTests.swift in Sources */,
			);
			runOnlyForDeploymentPostprocessing = 0;
		};
/* End PBXSourcesBuildPhase section */

/* Begin PBXTargetDependency section */
		9388310127C8828900D22C6A /* PBXTargetDependency */ = {
			isa = PBXTargetDependency;
			target = 938830EE27C8828800D22C6A /* CommitGenerator */;
			targetProxy = 9388310027C8828900D22C6A /* PBXContainerItemProxy */;
		};
		9388310B27C8828900D22C6A /* PBXTargetDependency */ = {
			isa = PBXTargetDependency;
			target = 938830EE27C8828800D22C6A /* CommitGenerator */;
			targetProxy = 9388310A27C8828900D22C6A /* PBXContainerItemProxy */;
		};
/* End PBXTargetDependency section */

/* Begin XCBuildConfiguration section */
		9388311127C8828900D22C6A /* Debug */ = {
			isa = XCBuildConfiguration;
			buildSettings = {
				ALWAYS_SEARCH_USER_PATHS = NO;
				CLANG_ANALYZER_NONNULL = YES;
				CLANG_ANALYZER_NUMBER_OBJECT_CONVERSION = YES_AGGRESSIVE;
				CLANG_CXX_LANGUAGE_STANDARD = "gnu++17";
				CLANG_CXX_LIBRARY = "libc++";
				CLANG_ENABLE_MODULES = YES;
				CLANG_ENABLE_OBJC_ARC = YES;
				CLANG_ENABLE_OBJC_WEAK = YES;
				CLANG_WARN_BLOCK_CAPTURE_AUTORELEASING = YES;
				CLANG_WARN_BOOL_CONVERSION = YES;
				CLANG_WARN_COMMA = YES;
				CLANG_WARN_CONSTANT_CONVERSION = YES;
				CLANG_WARN_DEPRECATED_OBJC_IMPLEMENTATIONS = YES;
				CLANG_WARN_DIRECT_OBJC_ISA_USAGE = YES_ERROR;
				CLANG_WARN_DOCUMENTATION_COMMENTS = YES;
				CLANG_WARN_EMPTY_BODY = YES;
				CLANG_WARN_ENUM_CONVERSION = YES;
				CLANG_WARN_INFINITE_RECURSION = YES;
				CLANG_WARN_INT_CONVERSION = YES;
				CLANG_WARN_NON_LITERAL_NULL_CONVERSION = YES;
				CLANG_WARN_OBJC_IMPLICIT_RETAIN_SELF = YES;
				CLANG_WARN_OBJC_LITERAL_CONVERSION = YES;
				CLANG_WARN_OBJC_ROOT_CLASS = YES_ERROR;
				CLANG_WARN_QUOTED_INCLUDE_IN_FRAMEWORK_HEADER = YES;
				CLANG_WARN_RANGE_LOOP_ANALYSIS = YES;
				CLANG_WARN_STRICT_PROTOTYPES = YES;
				CLANG_WARN_SUSPICIOUS_MOVE = YES;
				CLANG_WARN_UNGUARDED_AVAILABILITY = YES_AGGRESSIVE;
				CLANG_WARN_UNREACHABLE_CODE = YES;
				CLANG_WARN__DUPLICATE_METHOD_MATCH = YES;
				COPY_PHASE_STRIP = NO;
				DEBUG_INFORMATION_FORMAT = dwarf;
				ENABLE_STRICT_OBJC_MSGSEND = YES;
				ENABLE_TESTABILITY = YES;
				GCC_C_LANGUAGE_STANDARD = gnu11;
				GCC_DYNAMIC_NO_PIC = NO;
				GCC_NO_COMMON_BLOCKS = YES;
				GCC_OPTIMIZATION_LEVEL = 0;
				GCC_PREPROCESSOR_DEFINITIONS = (
					"DEBUG=1",
					"$(inherited)",
				);
				GCC_WARN_64_TO_32_BIT_CONVERSION = YES;
				GCC_WARN_ABOUT_RETURN_TYPE = YES_ERROR;
				GCC_WARN_UNDECLARED_SELECTOR = YES;
				GCC_WARN_UNINITIALIZED_AUTOS = YES_AGGRESSIVE;
				GCC_WARN_UNUSED_FUNCTION = YES;
				GCC_WARN_UNUSED_VARIABLE = YES;
				IPHONEOS_DEPLOYMENT_TARGET = 15.2;
				MTL_ENABLE_DEBUG_INFO = INCLUDE_SOURCE;
				MTL_FAST_MATH = YES;
				ONLY_ACTIVE_ARCH = YES;
				SDKROOT = iphoneos;
				SWIFT_ACTIVE_COMPILATION_CONDITIONS = DEBUG;
				SWIFT_OPTIMIZATION_LEVEL = "-Onone";
			};
			name = Debug;
		};
		9388311227C8828900D22C6A /* Release */ = {
			isa = XCBuildConfiguration;
			buildSettings = {
				ALWAYS_SEARCH_USER_PATHS = NO;
				CLANG_ANALYZER_NONNULL = YES;
				CLANG_ANALYZER_NUMBER_OBJECT_CONVERSION = YES_AGGRESSIVE;
				CLANG_CXX_LANGUAGE_STANDARD = "gnu++17";
				CLANG_CXX_LIBRARY = "libc++";
				CLANG_ENABLE_MODULES = YES;
				CLANG_ENABLE_OBJC_ARC = YES;
				CLANG_ENABLE_OBJC_WEAK = YES;
				CLANG_WARN_BLOCK_CAPTURE_AUTORELEASING = YES;
				CLANG_WARN_BOOL_CONVERSION = YES;
				CLANG_WARN_COMMA = YES;
				CLANG_WARN_CONSTANT_CONVERSION = YES;
				CLANG_WARN_DEPRECATED_OBJC_IMPLEMENTATIONS = YES;
				CLANG_WARN_DIRECT_OBJC_ISA_USAGE = YES_ERROR;
				CLANG_WARN_DOCUMENTATION_COMMENTS = YES;
				CLANG_WARN_EMPTY_BODY = YES;
				CLANG_WARN_ENUM_CONVERSION = YES;
				CLANG_WARN_INFINITE_RECURSION = YES;
				CLANG_WARN_INT_CONVERSION = YES;
				CLANG_WARN_NON_LITERAL_NULL_CONVERSION = YES;
				CLANG_WARN_OBJC_IMPLICIT_RETAIN_SELF = YES;
				CLANG_WARN_OBJC_LITERAL_CONVERSION = YES;
				CLANG_WARN_OBJC_ROOT_CLASS = YES_ERROR;
				CLANG_WARN_QUOTED_INCLUDE_IN_FRAMEWORK_HEADER = YES;
				CLANG_WARN_RANGE_LOOP_ANALYSIS = YES;
				CLANG_WARN_STRICT_PROTOTYPES = YES;
				CLANG_WARN_SUSPICIOUS_MOVE = YES;
				CLANG_WARN_UNGUARDED_AVAILABILITY = YES_AGGRESSIVE;
				CLANG_WARN_UNREACHABLE_CODE = YES;
				CLANG_WARN__DUPLICATE_METHOD_MATCH = YES;
				COPY_PHASE_STRIP = NO;
				DEBUG_INFORMATION_FORMAT = "dwarf-with-dsym";
				ENABLE_NS_ASSERTIONS = NO;
				ENABLE_STRICT_OBJC_MSGSEND = YES;
				GCC_C_LANGUAGE_STANDARD = gnu11;
				GCC_NO_COMMON_BLOCKS = YES;
				GCC_WARN_64_TO_32_BIT_CONVERSION = YES;
				GCC_WARN_ABOUT_RETURN_TYPE = YES_ERROR;
				GCC_WARN_UNDECLARED_SELECTOR = YES;
				GCC_WARN_UNINITIALIZED_AUTOS = YES_AGGRESSIVE;
				GCC_WARN_UNUSED_FUNCTION = YES;
				GCC_WARN_UNUSED_VARIABLE = YES;
				IPHONEOS_DEPLOYMENT_TARGET = 15.2;
				MTL_ENABLE_DEBUG_INFO = NO;
				MTL_FAST_MATH = YES;
				SDKROOT = iphoneos;
				SWIFT_COMPILATION_MODE = wholemodule;
				SWIFT_OPTIMIZATION_LEVEL = "-O";
				VALIDATE_PRODUCT = YES;
			};
			name = Release;
		};
		9388311427C8828900D22C6A /* Debug */ = {
			isa = XCBuildConfiguration;
			buildSettings = {
				ASSETCATALOG_COMPILER_APPICON_NAME = AppIcon;
				ASSETCATALOG_COMPILER_GLOBAL_ACCENT_COLOR_NAME = AccentColor;
				CODE_SIGN_STYLE = Automatic;
				CURRENT_PROJECT_VERSION = 1;
				DEVELOPMENT_ASSET_PATHS = "\"CommitGenerator/Resources\"";
				DEVELOPMENT_TEAM = 44RS35G3C5;
				ENABLE_PREVIEWS = YES;
				GENERATE_INFOPLIST_FILE = YES;
				INFOPLIST_KEY_UIApplicationSceneManifest_Generation = YES;
				INFOPLIST_KEY_UIApplicationSupportsIndirectInputEvents = YES;
				INFOPLIST_KEY_UILaunchScreen_Generation = YES;
				INFOPLIST_KEY_UISupportedInterfaceOrientations_iPad = "UIInterfaceOrientationPortrait UIInterfaceOrientationPortraitUpsideDown UIInterfaceOrientationLandscapeLeft UIInterfaceOrientationLandscapeRight";
				INFOPLIST_KEY_UISupportedInterfaceOrientations_iPhone = "UIInterfaceOrientationPortrait UIInterfaceOrientationLandscapeLeft UIInterfaceOrientationLandscapeRight";
				LD_RUNPATH_SEARCH_PATHS = (
					"$(inherited)",
					"@executable_path/Frameworks",
				);
				MARKETING_VERSION = 1.0;
				PRODUCT_BUNDLE_IDENTIFIER = per.JongHo.CommitGenerator;
				PRODUCT_NAME = "$(TARGET_NAME)";
				SWIFT_EMIT_LOC_STRINGS = YES;
				SWIFT_VERSION = 5.0;
				TARGETED_DEVICE_FAMILY = "1,2";
			};
			name = Debug;
		};
		9388311527C8828900D22C6A /* Release */ = {
			isa = XCBuildConfiguration;
			buildSettings = {
				ASSETCATALOG_COMPILER_APPICON_NAME = AppIcon;
				ASSETCATALOG_COMPILER_GLOBAL_ACCENT_COLOR_NAME = AccentColor;
				CODE_SIGN_STYLE = Automatic;
				CURRENT_PROJECT_VERSION = 1;
				DEVELOPMENT_ASSET_PATHS = "\"CommitGenerator/Resources\"";
				DEVELOPMENT_TEAM = 44RS35G3C5;
				ENABLE_PREVIEWS = YES;
				GENERATE_INFOPLIST_FILE = YES;
				INFOPLIST_KEY_UIApplicationSceneManifest_Generation = YES;
				INFOPLIST_KEY_UIApplicationSupportsIndirectInputEvents = YES;
				INFOPLIST_KEY_UILaunchScreen_Generation = YES;
				INFOPLIST_KEY_UISupportedInterfaceOrientations_iPad = "UIInterfaceOrientationPortrait UIInterfaceOrientationPortraitUpsideDown UIInterfaceOrientationLandscapeLeft UIInterfaceOrientationLandscapeRight";
				INFOPLIST_KEY_UISupportedInterfaceOrientations_iPhone = "UIInterfaceOrientationPortrait UIInterfaceOrientationLandscapeLeft UIInterfaceOrientationLandscapeRight";
				LD_RUNPATH_SEARCH_PATHS = (
					"$(inherited)",
					"@executable_path/Frameworks",
				);
				MARKETING_VERSION = 1.0;
				PRODUCT_BUNDLE_IDENTIFIER = per.JongHo.CommitGenerator;
				PRODUCT_NAME = "$(TARGET_NAME)";
				SWIFT_EMIT_LOC_STRINGS = YES;
				SWIFT_VERSION = 5.0;
				TARGETED_DEVICE_FAMILY = "1,2";
			};
			name = Release;
		};
		9388311727C8828900D22C6A /* Debug */ = {
			isa = XCBuildConfiguration;
			buildSettings = {
				ALWAYS_EMBED_SWIFT_STANDARD_LIBRARIES = YES;
				BUNDLE_LOADER = "$(TEST_HOST)";
				CODE_SIGN_STYLE = Automatic;
				CURRENT_PROJECT_VERSION = 1;
				DEVELOPMENT_TEAM = 44RS35G3C5;
				GENERATE_INFOPLIST_FILE = YES;
				IPHONEOS_DEPLOYMENT_TARGET = 15.2;
				MARKETING_VERSION = 1.0;
				PRODUCT_BUNDLE_IDENTIFIER = per.JongHo.CommitGeneratorTests;
				PRODUCT_NAME = "$(TARGET_NAME)";
				SWIFT_EMIT_LOC_STRINGS = NO;
				SWIFT_VERSION = 5.0;
				TARGETED_DEVICE_FAMILY = "1,2";
				TEST_HOST = "$(BUILT_PRODUCTS_DIR)/CommitGenerator.app/CommitGenerator";
			};
			name = Debug;
		};
		9388311827C8828900D22C6A /* Release */ = {
			isa = XCBuildConfiguration;
			buildSettings = {
				ALWAYS_EMBED_SWIFT_STANDARD_LIBRARIES = YES;
				BUNDLE_LOADER = "$(TEST_HOST)";
				CODE_SIGN_STYLE = Automatic;
				CURRENT_PROJECT_VERSION = 1;
				DEVELOPMENT_TEAM = 44RS35G3C5;
				GENERATE_INFOPLIST_FILE = YES;
				IPHONEOS_DEPLOYMENT_TARGET = 15.2;
				MARKETING_VERSION = 1.0;
				PRODUCT_BUNDLE_IDENTIFIER = per.JongHo.CommitGeneratorTests;
				PRODUCT_NAME = "$(TARGET_NAME)";
				SWIFT_EMIT_LOC_STRINGS = NO;
				SWIFT_VERSION = 5.0;
				TARGETED_DEVICE_FAMILY = "1,2";
				TEST_HOST = "$(BUILT_PRODUCTS_DIR)/CommitGenerator.app/CommitGenerator";
			};
			name = Release;
		};
		9388311A27C8828900D22C6A /* Debug */ = {
			isa = XCBuildConfiguration;
			buildSettings = {
				ALWAYS_EMBED_SWIFT_STANDARD_LIBRARIES = YES;
				CODE_SIGN_STYLE = Automatic;
				CURRENT_PROJECT_VERSION = 1;
				DEVELOPMENT_TEAM = 44RS35G3C5;
				GENERATE_INFOPLIST_FILE = YES;
				MARKETING_VERSION = 1.0;
				PRODUCT_BUNDLE_IDENTIFIER = per.JongHo.CommitGeneratorUITests;
				PRODUCT_NAME = "$(TARGET_NAME)";
				SWIFT_EMIT_LOC_STRINGS = NO;
				SWIFT_VERSION = 5.0;
				TARGETED_DEVICE_FAMILY = "1,2";
				TEST_TARGET_NAME = CommitGenerator;
			};
			name = Debug;
		};
		9388311B27C8828900D22C6A /* Release */ = {
			isa = XCBuildConfiguration;
			buildSettings = {
				ALWAYS_EMBED_SWIFT_STANDARD_LIBRARIES = YES;
				CODE_SIGN_STYLE = Automatic;
				CURRENT_PROJECT_VERSION = 1;
				DEVELOPMENT_TEAM = 44RS35G3C5;
				GENERATE_INFOPLIST_FILE = YES;
				MARKETING_VERSION = 1.0;
				PRODUCT_BUNDLE_IDENTIFIER = per.JongHo.CommitGeneratorUITests;
				PRODUCT_NAME = "$(TARGET_NAME)";
				SWIFT_EMIT_LOC_STRINGS = NO;
				SWIFT_VERSION = 5.0;
				TARGETED_DEVICE_FAMILY = "1,2";
				TEST_TARGET_NAME = CommitGenerator;
			};
			name = Release;
		};
/* End XCBuildConfiguration section */

/* Begin XCConfigurationList section */
		938830EA27C8828800D22C6A /* Build configuration list for PBXProject "CommitGenerator" */ = {
			isa = XCConfigurationList;
			buildConfigurations = (
				9388311127C8828900D22C6A /* Debug */,
				9388311227C8828900D22C6A /* Release */,
			);
			defaultConfigurationIsVisible = 0;
			defaultConfigurationName = Release;
		};
		9388311327C8828900D22C6A /* Build configuration list for PBXNativeTarget "CommitGenerator" */ = {
			isa = XCConfigurationList;
			buildConfigurations = (
				9388311427C8828900D22C6A /* Debug */,
				9388311527C8828900D22C6A /* Release */,
			);
			defaultConfigurationIsVisible = 0;
			defaultConfigurationName = Release;
		};
		9388311627C8828900D22C6A /* Build configuration list for PBXNativeTarget "CommitGeneratorTests" */ = {
			isa = XCConfigurationList;
			buildConfigurations = (
				9388311727C8828900D22C6A /* Debug */,
				9388311827C8828900D22C6A /* Release */,
			);
			defaultConfigurationIsVisible = 0;
			defaultConfigurationName = Release;
		};
		9388311927C8828900D22C6A /* Build configuration list for PBXNativeTarget "CommitGeneratorUITests" */ = {
			isa = XCConfigurationList;
			buildConfigurations = (
				9388311A27C8828900D22C6A /* Debug */,
				9388311B27C8828900D22C6A /* Release */,
			);
			defaultConfigurationIsVisible = 0;
			defaultConfigurationName = Release;
		};
/* End XCConfigurationList section */

/* Begin XCVersionGroup section */
		9321899D27C9BB5E007472FD /* Database.xcdatamodeld */ = {
			isa = XCVersionGroup;
			children = (
				9321899E27C9BB5E007472FD /* Database.xcdatamodel */,
			);
			currentVersion = 9321899E27C9BB5E007472FD /* Database.xcdatamodel */;
			path = Database.xcdatamodeld;
			sourceTree = "<group>";
			versionGroupType = wrapper.xcdatamodel;
		};
/* End XCVersionGroup section */
	};
	rootObject = 938830E727C8828800D22C6A /* Project object */;
}
